
Microsoft Visual Studio Solution File, Format Version 12.00
# Visual Studio 15
VisualStudioVersion = 15.0.26403.3
MinimumVisualStudioVersion = 10.0.40219.1
Project("{FAE04EC0-301F-11D3-BF4B-00C04F79EFBC}") = "Narvalo.Web", "src\Narvalo.Web\Narvalo.Web.csproj", "{56E3969F-5066-4702-A670-4C35FBD97201}"
EndProject
Project("{FAE04EC0-301F-11D3-BF4B-00C04F79EFBC}") = "Narvalo.Build", "src\Narvalo.Build\Narvalo.Build.csproj", "{AE69E1DD-A499-48E9-8BAA-B279E07F7DC7}"
EndProject
Project("{FAE04EC0-301F-11D3-BF4B-00C04F79EFBC}") = "Narvalo.Fx", "src\Narvalo.Fx\Narvalo.Fx.csproj", "{28F6175D-0EE3-4763-8004-662A7DE41280}"
EndProject
Project("{FAE04EC0-301F-11D3-BF4B-00C04F79EFBC}") = "Narvalo.Finance", "src\Narvalo.Finance\Narvalo.Finance.csproj", "{38055176-243B-4090-8148-EFB8FE18FF23}"
EndProject
Project("{FAE04EC0-301F-11D3-BF4B-00C04F79EFBC}") = "Narvalo.Common", "src\Narvalo.Common\Narvalo.Common.csproj", "{85E2C826-BF5C-4CDD-A90A-56D3D7F9CE25}"
EndProject
Project("{FAE04EC0-301F-11D3-BF4B-00C04F79EFBC}") = "Narvalo.Core", "src\Narvalo.Core\Narvalo.Core.csproj", "{66B62BA5-E26E-4899-85AC-4C52D3A427E9}"
EndProject
Project("{FAE04EC0-301F-11D3-BF4B-00C04F79EFBC}") = "Narvalo.T4", "src\Narvalo.T4\Narvalo.T4.csproj", "{0EC7B143-8C03-4127-A686-84433A17E5B4}"
EndProject
Project("{FAE04EC0-301F-11D3-BF4B-00C04F79EFBC}") = "Narvalo.Money", "src\Narvalo.Money\Narvalo.Money.csproj", "{387BDE7D-C68D-43C0-93CA-17700577FAFD}"
EndProject
Project("{FAE04EC0-301F-11D3-BF4B-00C04F79EFBC}") = "Narvalo.Mvp", "src\Narvalo.Mvp\Narvalo.Mvp.csproj", "{2944D621-7F6E-4792-94AD-0021C6B73981}"
EndProject
Project("{FAE04EC0-301F-11D3-BF4B-00C04F79EFBC}") = "Narvalo.Mvp.Web", "src\Narvalo.Mvp.Web\Narvalo.Mvp.Web.csproj", "{F4E7C519-8C51-4F2F-A50E-1A478399C93C}"
EndProject
Global
	GlobalSection(SolutionConfigurationPlatforms) = preSolution
		Debug|Any CPU = Debug|Any CPU
		Release|Any CPU = Release|Any CPU
	EndGlobalSection
	GlobalSection(ProjectConfigurationPlatforms) = postSolution
		{56E3969F-5066-4702-A670-4C35FBD97201}.Debug|Any CPU.ActiveCfg = Debug|Any CPU
		{56E3969F-5066-4702-A670-4C35FBD97201}.Debug|Any CPU.Build.0 = Debug|Any CPU
		{56E3969F-5066-4702-A670-4C35FBD97201}.Release|Any CPU.ActiveCfg = Release|Any CPU
		{56E3969F-5066-4702-A670-4C35FBD97201}.Release|Any CPU.Build.0 = Release|Any CPU
		{AE69E1DD-A499-48E9-8BAA-B279E07F7DC7}.Debug|Any CPU.ActiveCfg = Debug|Any CPU
		{AE69E1DD-A499-48E9-8BAA-B279E07F7DC7}.Debug|Any CPU.Build.0 = Debug|Any CPU
		{AE69E1DD-A499-48E9-8BAA-B279E07F7DC7}.Release|Any CPU.ActiveCfg = Release|Any CPU
		{AE69E1DD-A499-48E9-8BAA-B279E07F7DC7}.Release|Any CPU.Build.0 = Release|Any CPU
		{28F6175D-0EE3-4763-8004-662A7DE41280}.Debug|Any CPU.ActiveCfg = Debug|Any CPU
		{28F6175D-0EE3-4763-8004-662A7DE41280}.Debug|Any CPU.Build.0 = Debug|Any CPU
		{28F6175D-0EE3-4763-8004-662A7DE41280}.Release|Any CPU.ActiveCfg = Release|Any CPU
		{28F6175D-0EE3-4763-8004-662A7DE41280}.Release|Any CPU.Build.0 = Release|Any CPU
		{38055176-243B-4090-8148-EFB8FE18FF23}.Debug|Any CPU.ActiveCfg = Debug|Any CPU
		{38055176-243B-4090-8148-EFB8FE18FF23}.Debug|Any CPU.Build.0 = Debug|Any CPU
		{38055176-243B-4090-8148-EFB8FE18FF23}.Release|Any CPU.ActiveCfg = Release|Any CPU
		{38055176-243B-4090-8148-EFB8FE18FF23}.Release|Any CPU.Build.0 = Release|Any CPU
		{85E2C826-BF5C-4CDD-A90A-56D3D7F9CE25}.Debug|Any CPU.ActiveCfg = Debug|Any CPU
		{85E2C826-BF5C-4CDD-A90A-56D3D7F9CE25}.Debug|Any CPU.Build.0 = Debug|Any CPU
		{85E2C826-BF5C-4CDD-A90A-56D3D7F9CE25}.Release|Any CPU.ActiveCfg = Release|Any CPU
		{85E2C826-BF5C-4CDD-A90A-56D3D7F9CE25}.Release|Any CPU.Build.0 = Release|Any CPU
		{66B62BA5-E26E-4899-85AC-4C52D3A427E9}.Debug|Any CPU.ActiveCfg = Debug|Any CPU
		{66B62BA5-E26E-4899-85AC-4C52D3A427E9}.Debug|Any CPU.Build.0 = Debug|Any CPU
		{66B62BA5-E26E-4899-85AC-4C52D3A427E9}.Release|Any CPU.ActiveCfg = Release|Any CPU
		{66B62BA5-E26E-4899-85AC-4C52D3A427E9}.Release|Any CPU.Build.0 = Release|Any CPU
		{0EC7B143-8C03-4127-A686-84433A17E5B4}.Debug|Any CPU.ActiveCfg = Release|Any CPU
		{0EC7B143-8C03-4127-A686-84433A17E5B4}.Debug|Any CPU.Build.0 = Release|Any CPU
		{0EC7B143-8C03-4127-A686-84433A17E5B4}.Release|Any CPU.ActiveCfg = Release|Any CPU
		{0EC7B143-8C03-4127-A686-84433A17E5B4}.Release|Any CPU.Build.0 = Release|Any CPU
		{387BDE7D-C68D-43C0-93CA-17700577FAFD}.Debug|Any CPU.ActiveCfg = Debug|Any CPU
		{387BDE7D-C68D-43C0-93CA-17700577FAFD}.Debug|Any CPU.Build.0 = Debug|Any CPU
		{387BDE7D-C68D-43C0-93CA-17700577FAFD}.Release|Any CPU.ActiveCfg = Release|Any CPU
		{387BDE7D-C68D-43C0-93CA-17700577FAFD}.Release|Any CPU.Build.0 = Release|Any CPU
		{2944D621-7F6E-4792-94AD-0021C6B73981}.Debug|Any CPU.ActiveCfg = Debug|Any CPU
		{2944D621-7F6E-4792-94AD-0021C6B73981}.Debug|Any CPU.Build.0 = Debug|Any CPU
		{2944D621-7F6E-4792-94AD-0021C6B73981}.Release|Any CPU.ActiveCfg = Release|Any CPU
		{2944D621-7F6E-4792-94AD-0021C6B73981}.Release|Any CPU.Build.0 = Release|Any CPU
		{F4E7C519-8C51-4F2F-A50E-1A478399C93C}.Debug|Any CPU.ActiveCfg = Debug|Any CPU
		{F4E7C519-8C51-4F2F-A50E-1A478399C93C}.Debug|Any CPU.Build.0 = Debug|Any CPU
		{F4E7C519-8C51-4F2F-A50E-1A478399C93C}.Release|Any CPU.ActiveCfg = Release|Any CPU
		{F4E7C519-8C51-4F2F-A50E-1A478399C93C}.Release|Any CPU.Build.0 = Release|Any CPU
	EndGlobalSection
	GlobalSection(SolutionProperties) = preSolution
		HideSolutionNode = FALSE
	EndGlobalSection
EndGlobal
