
Microsoft Visual Studio Solution File, Format Version 12.00
# Visual Studio 2013
VisualStudioVersion = 12.0.31101.0
MinimumVisualStudioVersion = 10.0.40219.1
Project("{2150E333-8FDC-42A3-9474-1A3956D46DE8}") = "2. Samples", "2. Samples", "{DA1DD580-447C-4382-92E0-0193A71AC0FF}"
EndProject
Project("{FAE04EC0-301F-11D3-BF4B-00C04F79EFBC}") = "Narvalo.Mvp.Windows.Forms", "src\Narvalo.Mvp.Windows.Forms\Narvalo.Mvp.Windows.Forms.csproj", "{4C908C48-2BD9-4E23-BCBE-ED3604E0D387}"
EndProject
Project("{FAE04EC0-301F-11D3-BF4B-00C04F79EFBC}") = "MvpWindowsForms", "samples\MvpWindowsForms\MvpWindowsForms.csproj", "{DCF06FC7-3FB6-49E8-96C9-7AB2E88FF053}"
EndProject
Project("{FAE04EC0-301F-11D3-BF4B-00C04F79EFBC}") = "MvpWebForms", "samples\MvpWebForms\MvpWebForms.csproj", "{779357E7-F156-425C-8EB8-FB45ACDFF9DE}"
EndProject
Project("{FAE04EC0-301F-11D3-BF4B-00C04F79EFBC}") = "MvpCommandLine", "samples\MvpCommandLine\MvpCommandLine.csproj", "{22F5819B-94C5-47B5-A83D-2F807BAC8130}"
EndProject
Project("{FAE04EC0-301F-11D3-BF4B-00C04F79EFBC}") = "Narvalo.Mvp", "src\Narvalo.Mvp\Narvalo.Mvp.csproj", "{2944D621-7F6E-4792-94AD-0021C6B73981}"
EndProject
Project("{FAE04EC0-301F-11D3-BF4B-00C04F79EFBC}") = "Narvalo.Mvp.Web", "src\Narvalo.Mvp.Web\Narvalo.Mvp.Web.csproj", "{F4E7C519-8C51-4F2F-A50E-1A478399C93C}"
EndProject
Project("{FAE04EC0-301F-11D3-BF4B-00C04F79EFBC}") = "Narvalo.Mvp.Extras", "src\Narvalo.Mvp.Extras\Narvalo.Mvp.Extras.csproj", "{206AE61E-2644-4E32-AD37-948755B17DC7}"
EndProject
Project("{2150E333-8FDC-42A3-9474-1A3956D46DE8}") = "1. Libraries", "1. Libraries", "{BCC6B785-A5BD-4621-9AA0-A67F73F60FB4}"
EndProject
Project("{FAE04EC0-301F-11D3-BF4B-00C04F79EFBC}") = "Narvalo.Mvp.Facts", "tests\Narvalo.Mvp.Facts\Narvalo.Mvp.Facts.csproj", "{33F0EB3E-A8F1-46F2-A4A6-9318B93DBC9A}"
EndProject
Project("{2150E333-8FDC-42A3-9474-1A3956D46DE8}") = ".nuget", ".nuget", "{56CD6917-C49C-43EE-BD76-0D7294A09E1A}"
	ProjectSection(SolutionItems) = preProject
		.nuget\packages.config = .nuget\packages.config
	EndProjectSection
EndProject
Global
	GlobalSection(SolutionConfigurationPlatforms) = preSolution
		Debug|Any CPU = Debug|Any CPU
		Release|Any CPU = Release|Any CPU
	EndGlobalSection
	GlobalSection(ProjectConfigurationPlatforms) = postSolution
		{4C908C48-2BD9-4E23-BCBE-ED3604E0D387}.Debug|Any CPU.ActiveCfg = Debug|Any CPU
		{4C908C48-2BD9-4E23-BCBE-ED3604E0D387}.Debug|Any CPU.Build.0 = Debug|Any CPU
		{4C908C48-2BD9-4E23-BCBE-ED3604E0D387}.Release|Any CPU.ActiveCfg = Release|Any CPU
		{4C908C48-2BD9-4E23-BCBE-ED3604E0D387}.Release|Any CPU.Build.0 = Release|Any CPU
		{DCF06FC7-3FB6-49E8-96C9-7AB2E88FF053}.Debug|Any CPU.ActiveCfg = Debug|Any CPU
		{DCF06FC7-3FB6-49E8-96C9-7AB2E88FF053}.Debug|Any CPU.Build.0 = Debug|Any CPU
		{DCF06FC7-3FB6-49E8-96C9-7AB2E88FF053}.Release|Any CPU.ActiveCfg = Release|Any CPU
		{DCF06FC7-3FB6-49E8-96C9-7AB2E88FF053}.Release|Any CPU.Build.0 = Release|Any CPU
		{779357E7-F156-425C-8EB8-FB45ACDFF9DE}.Debug|Any CPU.ActiveCfg = Debug|Any CPU
		{779357E7-F156-425C-8EB8-FB45ACDFF9DE}.Debug|Any CPU.Build.0 = Debug|Any CPU
		{779357E7-F156-425C-8EB8-FB45ACDFF9DE}.Release|Any CPU.ActiveCfg = Release|Any CPU
		{779357E7-F156-425C-8EB8-FB45ACDFF9DE}.Release|Any CPU.Build.0 = Release|Any CPU
		{22F5819B-94C5-47B5-A83D-2F807BAC8130}.Debug|Any CPU.ActiveCfg = Debug|Any CPU
		{22F5819B-94C5-47B5-A83D-2F807BAC8130}.Debug|Any CPU.Build.0 = Debug|Any CPU
		{22F5819B-94C5-47B5-A83D-2F807BAC8130}.Release|Any CPU.ActiveCfg = Release|Any CPU
		{22F5819B-94C5-47B5-A83D-2F807BAC8130}.Release|Any CPU.Build.0 = Release|Any CPU
		{2944D621-7F6E-4792-94AD-0021C6B73981}.Debug|Any CPU.ActiveCfg = Debug|Any CPU
		{2944D621-7F6E-4792-94AD-0021C6B73981}.Debug|Any CPU.Build.0 = Debug|Any CPU
		{2944D621-7F6E-4792-94AD-0021C6B73981}.Release|Any CPU.ActiveCfg = Release|Any CPU
		{2944D621-7F6E-4792-94AD-0021C6B73981}.Release|Any CPU.Build.0 = Release|Any CPU
		{F4E7C519-8C51-4F2F-A50E-1A478399C93C}.Debug|Any CPU.ActiveCfg = Debug|Any CPU
		{F4E7C519-8C51-4F2F-A50E-1A478399C93C}.Debug|Any CPU.Build.0 = Debug|Any CPU
		{F4E7C519-8C51-4F2F-A50E-1A478399C93C}.Release|Any CPU.ActiveCfg = Release|Any CPU
		{F4E7C519-8C51-4F2F-A50E-1A478399C93C}.Release|Any CPU.Build.0 = Release|Any CPU
		{206AE61E-2644-4E32-AD37-948755B17DC7}.Debug|Any CPU.ActiveCfg = Debug|Any CPU
		{206AE61E-2644-4E32-AD37-948755B17DC7}.Debug|Any CPU.Build.0 = Debug|Any CPU
		{206AE61E-2644-4E32-AD37-948755B17DC7}.Release|Any CPU.ActiveCfg = Release|Any CPU
		{206AE61E-2644-4E32-AD37-948755B17DC7}.Release|Any CPU.Build.0 = Release|Any CPU
		{33F0EB3E-A8F1-46F2-A4A6-9318B93DBC9A}.Debug|Any CPU.ActiveCfg = Debug|Any CPU
		{33F0EB3E-A8F1-46F2-A4A6-9318B93DBC9A}.Debug|Any CPU.Build.0 = Debug|Any CPU
		{33F0EB3E-A8F1-46F2-A4A6-9318B93DBC9A}.Release|Any CPU.ActiveCfg = Release|Any CPU
		{33F0EB3E-A8F1-46F2-A4A6-9318B93DBC9A}.Release|Any CPU.Build.0 = Release|Any CPU
	EndGlobalSection
	GlobalSection(SolutionProperties) = preSolution
		HideSolutionNode = FALSE
	EndGlobalSection
	GlobalSection(NestedProjects) = preSolution
		{4C908C48-2BD9-4E23-BCBE-ED3604E0D387} = {BCC6B785-A5BD-4621-9AA0-A67F73F60FB4}
		{DCF06FC7-3FB6-49E8-96C9-7AB2E88FF053} = {DA1DD580-447C-4382-92E0-0193A71AC0FF}
		{779357E7-F156-425C-8EB8-FB45ACDFF9DE} = {DA1DD580-447C-4382-92E0-0193A71AC0FF}
		{22F5819B-94C5-47B5-A83D-2F807BAC8130} = {DA1DD580-447C-4382-92E0-0193A71AC0FF}
		{2944D621-7F6E-4792-94AD-0021C6B73981} = {BCC6B785-A5BD-4621-9AA0-A67F73F60FB4}
		{F4E7C519-8C51-4F2F-A50E-1A478399C93C} = {BCC6B785-A5BD-4621-9AA0-A67F73F60FB4}
		{206AE61E-2644-4E32-AD37-948755B17DC7} = {BCC6B785-A5BD-4621-9AA0-A67F73F60FB4}
		{33F0EB3E-A8F1-46F2-A4A6-9318B93DBC9A} = {BCC6B785-A5BD-4621-9AA0-A67F73F60FB4}
	EndGlobalSection
EndGlobal
