
Microsoft Visual Studio Solution File, Format Version 12.00
# Visual Studio 14
VisualStudioVersion = 14.0.25420.1
MinimumVisualStudioVersion = 10.0.40219.1
Project("{FAE04EC0-301F-11D3-BF4B-00C04F79EFBC}") = "Narvalo.Web", "src\Narvalo.Web\Narvalo.Web.csproj", "{56E3969F-5066-4702-A670-4C35FBD97201}"
EndProject
Project("{2150E333-8FDC-42A3-9474-1A3956D46DE8}") = ".nuget", ".nuget", "{D552D1B5-0EE5-4BC9-AFCB-7A7128811DAB}"
	ProjectSection(SolutionItems) = preProject
		.nuget\NuGet.Config = .nuget\NuGet.Config
		.nuget\packages.config = .nuget\packages.config
	EndProjectSection
EndProject
Project("{2150E333-8FDC-42A3-9474-1A3956D46DE8}") = "1. Libraries (Main)", "1. Libraries (Main)", "{E532D0F7-CFBB-4D52-BEA3-D67DA931AC86}"
EndProject
Project("{2150E333-8FDC-42A3-9474-1A3956D46DE8}") = "3. Tools", "3. Tools", "{9C0D3D2C-E3FE-4E83-9C89-144A10CE3402}"
EndProject
Project("{FAE04EC0-301F-11D3-BF4B-00C04F79EFBC}") = "Narvalo.Build", "src\Narvalo.Build\Narvalo.Build.csproj", "{AE69E1DD-A499-48E9-8BAA-B279E07F7DC7}"
EndProject
Project("{FAE04EC0-301F-11D3-BF4B-00C04F79EFBC}") = "Narvalo.Fx", "src\Narvalo.Fx\Narvalo.Fx.csproj", "{28F6175D-0EE3-4763-8004-662A7DE41280}"
EndProject
Project("{FAE04EC0-301F-11D3-BF4B-00C04F79EFBC}") = "Narvalo.Finance", "src\Narvalo.Finance\Narvalo.Finance.csproj", "{38055176-243B-4090-8148-EFB8FE18FF23}"
EndProject
Project("{FAE04EC0-301F-11D3-BF4B-00C04F79EFBC}") = "Narvalo.Mvp", "src\Narvalo.Mvp\Narvalo.Mvp.csproj", "{2944D621-7F6E-4792-94AD-0021C6B73981}"
EndProject
Project("{FAE04EC0-301F-11D3-BF4B-00C04F79EFBC}") = "Narvalo.Mvp.Web", "src\Narvalo.Mvp.Web\Narvalo.Mvp.Web.csproj", "{F4E7C519-8C51-4F2F-A50E-1A478399C93C}"
EndProject
Project("{FAE04EC0-301F-11D3-BF4B-00C04F79EFBC}") = "MvpCommandLine", "samples\MvpCommandLine\MvpCommandLine.csproj", "{22F5819B-94C5-47B5-A83D-2F807BAC8130}"
EndProject
Project("{FAE04EC0-301F-11D3-BF4B-00C04F79EFBC}") = "MvpWebForms", "samples\MvpWebForms\MvpWebForms.csproj", "{779357E7-F156-425C-8EB8-FB45ACDFF9DE}"
EndProject
Project("{FAE04EC0-301F-11D3-BF4B-00C04F79EFBC}") = "Narvalo.Cerbere", "src\Narvalo.Cerbere\Narvalo.Cerbere.csproj", "{00388395-FC0D-4356-A1C8-9A9555B09943}"
EndProject
Project("{FAE04EC0-301F-11D3-BF4B-00C04F79EFBC}") = "Narvalo.Common", "src\Narvalo.Common\Narvalo.Common.csproj", "{85E2C826-BF5C-4CDD-A90A-56D3D7F9CE25}"
EndProject
Project("{FAE04EC0-301F-11D3-BF4B-00C04F79EFBC}") = "Narvalo.Core", "src\Narvalo.Core\Narvalo.Core.csproj", "{66B62BA5-E26E-4899-85AC-4C52D3A427E9}"
EndProject
Project("{FAE04EC0-301F-11D3-BF4B-00C04F79EFBC}") = "Narvalo.T4", "src\Narvalo.T4\Narvalo.T4.csproj", "{0EC7B143-8C03-4127-A686-84433A17E5B4}"
EndProject
Project("{FAE04EC0-301F-11D3-BF4B-00C04F79EFBC}") = "Narvalo.Mvp.Facts", "tests\Narvalo.Mvp.Facts\Narvalo.Mvp.Facts.csproj", "{E94F4D98-3882-4713-90FD-27C515B68BB0}"
EndProject
Project("{FAE04EC0-301F-11D3-BF4B-00C04F79EFBC}") = "Narvalo.Facts", "tests\Narvalo.Facts\Narvalo.Facts.csproj", "{D05B40A6-15B6-46D0-ABC1-8F8CFC5D02E8}"
EndProject
Project("{D954291E-2A0B-460D-934E-DC6B0785DB48}") = "TestCommon", "tests\TestCommon\TestCommon.shproj", "{C141265F-95ED-4093-A56C-5991DBA96F67}"
EndProject
Project("{FAE04EC0-301F-11D3-BF4B-00C04F79EFBC}") = "Narvalo.Finance.Facts", "tests\Narvalo.Finance.Facts\Narvalo.Finance.Facts.csproj", "{031AB273-4A04-40AF-923A-AA138096F98A}"
EndProject
Project("{FAE04EC0-301F-11D3-BF4B-00C04F79EFBC}") = "Narvalo.Fx.Facts", "tests\Narvalo.Fx.Facts\Narvalo.Fx.Facts.csproj", "{F3D20800-96A8-4661-B796-FB5037CA0422}"
EndProject
Project("{FAE04EC0-301F-11D3-BF4B-00C04F79EFBC}") = "Narvalo.Cerbere.Facts", "tests\Narvalo.Cerbere.Facts\Narvalo.Cerbere.Facts.csproj", "{1F222A47-26E5-462A-AB89-F031060D224A}"
EndProject
Project("{FAE04EC0-301F-11D3-BF4B-00C04F79EFBC}") = "Narvalo.Futures", "src\Narvalo.Futures\Narvalo.Futures.csproj", "{E394C38B-F999-4322-B821-7630368DA16F}"
EndProject
Project("{FAE04EC0-301F-11D3-BF4B-00C04F79EFBC}") = "Narvalo.Futures.Facts", "tests\Narvalo.Futures.Facts\Narvalo.Futures.Facts.csproj", "{7741AF0B-D316-4C1D-A51D-A89F3070D6B0}"
EndProject
Project("{2150E333-8FDC-42A3-9474-1A3956D46DE8}") = "4. Samples", "4. Samples", "{7FF29AE0-15BB-4C3C-B497-23852B98F95B}"
EndProject
Project("{2150E333-8FDC-42A3-9474-1A3956D46DE8}") = "2. Tests", "2. Tests", "{1606E94A-5311-4C5F-91E2-876A4B635F02}"
EndProject
Project("{FAE04EC0-301F-11D3-BF4B-00C04F79EFBC}") = "Narvalo.Mvp.Web.Facts", "tests\Narvalo.Mvp.Web.Facts\Narvalo.Mvp.Web.Facts.csproj", "{3F3D8108-CC1C-4CE2-8768-2097A0B77D01}"
EndProject
Project("{FAE04EC0-301F-11D3-BF4B-00C04F79EFBC}") = "Narvalo.Common.Facts", "tests\Narvalo.Common.Facts\Narvalo.Common.Facts.csproj", "{F1F1E121-3B3D-463D-8CF5-3A6E92004546}"
EndProject
Project("{FAE04EC0-301F-11D3-BF4B-00C04F79EFBC}") = "Narvalo.Web.Facts", "tests\Narvalo.Web.Facts\Narvalo.Web.Facts.csproj", "{49823004-DABA-4FE2-B4F0-D40542AF7754}"
EndProject
Project("{2150E333-8FDC-42A3-9474-1A3956D46DE8}") = "5. TO BE REMOVED", "5. TO BE REMOVED", "{AF0713D7-9FA9-460A-BD1C-ED4CD442E09C}"
EndProject
Project("{FAE04EC0-301F-11D3-BF4B-00C04F79EFBC}") = "Monads", "samples\Monads\Monads.csproj", "{57051DF4-A9BF-47E2-ADF3-9E938AC1F2E3}"
EndProject
Global
	GlobalSection(SharedMSBuildProjectFiles) = preSolution
		tests\TestCommon\Narvalo.TestCommon.projitems*{031ab273-4a04-40af-923a-aa138096f98a}*SharedItemsImports = 4
		tests\TestCommon\Narvalo.TestCommon.projitems*{1f222a47-26e5-462a-ab89-f031060d224a}*SharedItemsImports = 4
		tests\TestCommon\Narvalo.TestCommon.projitems*{3f3d8108-cc1c-4ce2-8768-2097a0b77d01}*SharedItemsImports = 4
		tests\TestCommon\Narvalo.TestCommon.projitems*{49823004-daba-4fe2-b4f0-d40542af7754}*SharedItemsImports = 4
		tests\TestCommon\Narvalo.TestCommon.projitems*{7741af0b-d316-4c1d-a51d-a89f3070d6b0}*SharedItemsImports = 4
		tests\TestCommon\Narvalo.TestCommon.projitems*{c141265f-95ed-4093-a56c-5991dba96f67}*SharedItemsImports = 13
		tests\TestCommon\Narvalo.TestCommon.projitems*{d05b40a6-15b6-46d0-abc1-8f8cfc5d02e8}*SharedItemsImports = 4
		tests\TestCommon\Narvalo.TestCommon.projitems*{e94f4d98-3882-4713-90fd-27c515b68bb0}*SharedItemsImports = 4
		tests\TestCommon\Narvalo.TestCommon.projitems*{f1f1e121-3b3d-463d-8cf5-3a6e92004546}*SharedItemsImports = 4
		tests\TestCommon\Narvalo.TestCommon.projitems*{f3d20800-96a8-4661-b796-fb5037ca0422}*SharedItemsImports = 4
	EndGlobalSection
	GlobalSection(SolutionConfigurationPlatforms) = preSolution
		CodeContracts|Any CPU = CodeContracts|Any CPU
		Debug|Any CPU = Debug|Any CPU
		Release|Any CPU = Release|Any CPU
	EndGlobalSection
	GlobalSection(ProjectConfigurationPlatforms) = postSolution
		{56E3969F-5066-4702-A670-4C35FBD97201}.CodeContracts|Any CPU.ActiveCfg = CodeContracts|Any CPU
		{56E3969F-5066-4702-A670-4C35FBD97201}.CodeContracts|Any CPU.Build.0 = CodeContracts|Any CPU
		{56E3969F-5066-4702-A670-4C35FBD97201}.Debug|Any CPU.ActiveCfg = Debug|Any CPU
		{56E3969F-5066-4702-A670-4C35FBD97201}.Debug|Any CPU.Build.0 = Debug|Any CPU
		{56E3969F-5066-4702-A670-4C35FBD97201}.Release|Any CPU.ActiveCfg = Release|Any CPU
		{56E3969F-5066-4702-A670-4C35FBD97201}.Release|Any CPU.Build.0 = Release|Any CPU
		{AE69E1DD-A499-48E9-8BAA-B279E07F7DC7}.CodeContracts|Any CPU.ActiveCfg = CodeContracts|Any CPU
		{AE69E1DD-A499-48E9-8BAA-B279E07F7DC7}.Debug|Any CPU.ActiveCfg = Debug|Any CPU
		{AE69E1DD-A499-48E9-8BAA-B279E07F7DC7}.Debug|Any CPU.Build.0 = Debug|Any CPU
		{AE69E1DD-A499-48E9-8BAA-B279E07F7DC7}.Release|Any CPU.ActiveCfg = Release|Any CPU
		{AE69E1DD-A499-48E9-8BAA-B279E07F7DC7}.Release|Any CPU.Build.0 = Release|Any CPU
		{28F6175D-0EE3-4763-8004-662A7DE41280}.CodeContracts|Any CPU.ActiveCfg = CodeContracts|Any CPU
		{28F6175D-0EE3-4763-8004-662A7DE41280}.CodeContracts|Any CPU.Build.0 = CodeContracts|Any CPU
		{28F6175D-0EE3-4763-8004-662A7DE41280}.Debug|Any CPU.ActiveCfg = Debug|Any CPU
		{28F6175D-0EE3-4763-8004-662A7DE41280}.Debug|Any CPU.Build.0 = Debug|Any CPU
		{28F6175D-0EE3-4763-8004-662A7DE41280}.Release|Any CPU.ActiveCfg = Release|Any CPU
		{28F6175D-0EE3-4763-8004-662A7DE41280}.Release|Any CPU.Build.0 = Release|Any CPU
		{38055176-243B-4090-8148-EFB8FE18FF23}.CodeContracts|Any CPU.ActiveCfg = CodeContracts|Any CPU
		{38055176-243B-4090-8148-EFB8FE18FF23}.CodeContracts|Any CPU.Build.0 = CodeContracts|Any CPU
		{38055176-243B-4090-8148-EFB8FE18FF23}.Debug|Any CPU.ActiveCfg = Debug|Any CPU
		{38055176-243B-4090-8148-EFB8FE18FF23}.Debug|Any CPU.Build.0 = Debug|Any CPU
		{38055176-243B-4090-8148-EFB8FE18FF23}.Release|Any CPU.ActiveCfg = Release|Any CPU
		{38055176-243B-4090-8148-EFB8FE18FF23}.Release|Any CPU.Build.0 = Release|Any CPU
		{2944D621-7F6E-4792-94AD-0021C6B73981}.CodeContracts|Any CPU.ActiveCfg = CodeContracts|Any CPU
		{2944D621-7F6E-4792-94AD-0021C6B73981}.CodeContracts|Any CPU.Build.0 = CodeContracts|Any CPU
		{2944D621-7F6E-4792-94AD-0021C6B73981}.Debug|Any CPU.ActiveCfg = Debug|Any CPU
		{2944D621-7F6E-4792-94AD-0021C6B73981}.Debug|Any CPU.Build.0 = Debug|Any CPU
		{2944D621-7F6E-4792-94AD-0021C6B73981}.Release|Any CPU.ActiveCfg = Release|Any CPU
		{2944D621-7F6E-4792-94AD-0021C6B73981}.Release|Any CPU.Build.0 = Release|Any CPU
		{F4E7C519-8C51-4F2F-A50E-1A478399C93C}.CodeContracts|Any CPU.ActiveCfg = CodeContracts|Any CPU
		{F4E7C519-8C51-4F2F-A50E-1A478399C93C}.Debug|Any CPU.ActiveCfg = Debug|Any CPU
		{F4E7C519-8C51-4F2F-A50E-1A478399C93C}.Debug|Any CPU.Build.0 = Debug|Any CPU
		{F4E7C519-8C51-4F2F-A50E-1A478399C93C}.Release|Any CPU.ActiveCfg = Release|Any CPU
		{F4E7C519-8C51-4F2F-A50E-1A478399C93C}.Release|Any CPU.Build.0 = Release|Any CPU
		{22F5819B-94C5-47B5-A83D-2F807BAC8130}.CodeContracts|Any CPU.ActiveCfg = CodeContracts|Any CPU
		{22F5819B-94C5-47B5-A83D-2F807BAC8130}.Debug|Any CPU.ActiveCfg = Debug|Any CPU
		{22F5819B-94C5-47B5-A83D-2F807BAC8130}.Debug|Any CPU.Build.0 = Debug|Any CPU
		{22F5819B-94C5-47B5-A83D-2F807BAC8130}.Release|Any CPU.ActiveCfg = Release|Any CPU
		{22F5819B-94C5-47B5-A83D-2F807BAC8130}.Release|Any CPU.Build.0 = Release|Any CPU
		{779357E7-F156-425C-8EB8-FB45ACDFF9DE}.CodeContracts|Any CPU.ActiveCfg = CodeContracts|Any CPU
		{779357E7-F156-425C-8EB8-FB45ACDFF9DE}.Debug|Any CPU.ActiveCfg = Debug|Any CPU
		{779357E7-F156-425C-8EB8-FB45ACDFF9DE}.Debug|Any CPU.Build.0 = Debug|Any CPU
		{779357E7-F156-425C-8EB8-FB45ACDFF9DE}.Release|Any CPU.ActiveCfg = Release|Any CPU
		{779357E7-F156-425C-8EB8-FB45ACDFF9DE}.Release|Any CPU.Build.0 = Release|Any CPU
		{00388395-FC0D-4356-A1C8-9A9555B09943}.CodeContracts|Any CPU.ActiveCfg = CodeContracts|Any CPU
		{00388395-FC0D-4356-A1C8-9A9555B09943}.CodeContracts|Any CPU.Build.0 = CodeContracts|Any CPU
		{00388395-FC0D-4356-A1C8-9A9555B09943}.Debug|Any CPU.ActiveCfg = Debug|Any CPU
		{00388395-FC0D-4356-A1C8-9A9555B09943}.Debug|Any CPU.Build.0 = Debug|Any CPU
		{00388395-FC0D-4356-A1C8-9A9555B09943}.Release|Any CPU.ActiveCfg = Release|Any CPU
		{00388395-FC0D-4356-A1C8-9A9555B09943}.Release|Any CPU.Build.0 = Release|Any CPU
		{85E2C826-BF5C-4CDD-A90A-56D3D7F9CE25}.CodeContracts|Any CPU.ActiveCfg = CodeContracts|Any CPU
		{85E2C826-BF5C-4CDD-A90A-56D3D7F9CE25}.CodeContracts|Any CPU.Build.0 = CodeContracts|Any CPU
		{85E2C826-BF5C-4CDD-A90A-56D3D7F9CE25}.Debug|Any CPU.ActiveCfg = Debug|Any CPU
		{85E2C826-BF5C-4CDD-A90A-56D3D7F9CE25}.Debug|Any CPU.Build.0 = Debug|Any CPU
		{85E2C826-BF5C-4CDD-A90A-56D3D7F9CE25}.Release|Any CPU.ActiveCfg = Release|Any CPU
		{85E2C826-BF5C-4CDD-A90A-56D3D7F9CE25}.Release|Any CPU.Build.0 = Release|Any CPU
		{66B62BA5-E26E-4899-85AC-4C52D3A427E9}.CodeContracts|Any CPU.ActiveCfg = CodeContracts|Any CPU
		{66B62BA5-E26E-4899-85AC-4C52D3A427E9}.CodeContracts|Any CPU.Build.0 = CodeContracts|Any CPU
		{66B62BA5-E26E-4899-85AC-4C52D3A427E9}.Debug|Any CPU.ActiveCfg = Debug|Any CPU
		{66B62BA5-E26E-4899-85AC-4C52D3A427E9}.Debug|Any CPU.Build.0 = Debug|Any CPU
		{66B62BA5-E26E-4899-85AC-4C52D3A427E9}.Release|Any CPU.ActiveCfg = Release|Any CPU
		{66B62BA5-E26E-4899-85AC-4C52D3A427E9}.Release|Any CPU.Build.0 = Release|Any CPU
		{0EC7B143-8C03-4127-A686-84433A17E5B4}.CodeContracts|Any CPU.ActiveCfg = CodeContracts|Any CPU
		{0EC7B143-8C03-4127-A686-84433A17E5B4}.Debug|Any CPU.ActiveCfg = Release|Any CPU
		{0EC7B143-8C03-4127-A686-84433A17E5B4}.Debug|Any CPU.Build.0 = Release|Any CPU
		{0EC7B143-8C03-4127-A686-84433A17E5B4}.Release|Any CPU.ActiveCfg = Release|Any CPU
		{0EC7B143-8C03-4127-A686-84433A17E5B4}.Release|Any CPU.Build.0 = Release|Any CPU
		{E94F4D98-3882-4713-90FD-27C515B68BB0}.CodeContracts|Any CPU.ActiveCfg = Release|Any CPU
		{E94F4D98-3882-4713-90FD-27C515B68BB0}.Debug|Any CPU.ActiveCfg = Debug|Any CPU
		{E94F4D98-3882-4713-90FD-27C515B68BB0}.Debug|Any CPU.Build.0 = Debug|Any CPU
		{E94F4D98-3882-4713-90FD-27C515B68BB0}.Release|Any CPU.ActiveCfg = Release|Any CPU
		{E94F4D98-3882-4713-90FD-27C515B68BB0}.Release|Any CPU.Build.0 = Release|Any CPU
		{D05B40A6-15B6-46D0-ABC1-8F8CFC5D02E8}.CodeContracts|Any CPU.ActiveCfg = CodeContracts|Any CPU
		{D05B40A6-15B6-46D0-ABC1-8F8CFC5D02E8}.Debug|Any CPU.ActiveCfg = Debug|Any CPU
		{D05B40A6-15B6-46D0-ABC1-8F8CFC5D02E8}.Debug|Any CPU.Build.0 = Debug|Any CPU
		{D05B40A6-15B6-46D0-ABC1-8F8CFC5D02E8}.Release|Any CPU.ActiveCfg = Release|Any CPU
		{D05B40A6-15B6-46D0-ABC1-8F8CFC5D02E8}.Release|Any CPU.Build.0 = Release|Any CPU
		{031AB273-4A04-40AF-923A-AA138096F98A}.CodeContracts|Any CPU.ActiveCfg = Release|Any CPU
		{031AB273-4A04-40AF-923A-AA138096F98A}.CodeContracts|Any CPU.Build.0 = Release|Any CPU
		{031AB273-4A04-40AF-923A-AA138096F98A}.Debug|Any CPU.ActiveCfg = Debug|Any CPU
		{031AB273-4A04-40AF-923A-AA138096F98A}.Debug|Any CPU.Build.0 = Debug|Any CPU
		{031AB273-4A04-40AF-923A-AA138096F98A}.Release|Any CPU.ActiveCfg = Release|Any CPU
		{031AB273-4A04-40AF-923A-AA138096F98A}.Release|Any CPU.Build.0 = Release|Any CPU
		{F3D20800-96A8-4661-B796-FB5037CA0422}.CodeContracts|Any CPU.ActiveCfg = Release|Any CPU
		{F3D20800-96A8-4661-B796-FB5037CA0422}.CodeContracts|Any CPU.Build.0 = Release|Any CPU
		{F3D20800-96A8-4661-B796-FB5037CA0422}.Debug|Any CPU.ActiveCfg = Debug|Any CPU
		{F3D20800-96A8-4661-B796-FB5037CA0422}.Debug|Any CPU.Build.0 = Debug|Any CPU
		{F3D20800-96A8-4661-B796-FB5037CA0422}.Release|Any CPU.ActiveCfg = Release|Any CPU
		{F3D20800-96A8-4661-B796-FB5037CA0422}.Release|Any CPU.Build.0 = Release|Any CPU
		{1F222A47-26E5-462A-AB89-F031060D224A}.CodeContracts|Any CPU.ActiveCfg = Release|Any CPU
		{1F222A47-26E5-462A-AB89-F031060D224A}.CodeContracts|Any CPU.Build.0 = Release|Any CPU
		{1F222A47-26E5-462A-AB89-F031060D224A}.Debug|Any CPU.ActiveCfg = Debug|Any CPU
		{1F222A47-26E5-462A-AB89-F031060D224A}.Debug|Any CPU.Build.0 = Debug|Any CPU
		{1F222A47-26E5-462A-AB89-F031060D224A}.Release|Any CPU.ActiveCfg = Release|Any CPU
		{1F222A47-26E5-462A-AB89-F031060D224A}.Release|Any CPU.Build.0 = Release|Any CPU
		{E394C38B-F999-4322-B821-7630368DA16F}.CodeContracts|Any CPU.ActiveCfg = Release|Any CPU
		{E394C38B-F999-4322-B821-7630368DA16F}.CodeContracts|Any CPU.Build.0 = Release|Any CPU
		{E394C38B-F999-4322-B821-7630368DA16F}.Debug|Any CPU.ActiveCfg = Debug|Any CPU
		{E394C38B-F999-4322-B821-7630368DA16F}.Debug|Any CPU.Build.0 = Debug|Any CPU
		{E394C38B-F999-4322-B821-7630368DA16F}.Release|Any CPU.ActiveCfg = Release|Any CPU
		{E394C38B-F999-4322-B821-7630368DA16F}.Release|Any CPU.Build.0 = Release|Any CPU
		{7741AF0B-D316-4C1D-A51D-A89F3070D6B0}.CodeContracts|Any CPU.ActiveCfg = Release|Any CPU
		{7741AF0B-D316-4C1D-A51D-A89F3070D6B0}.CodeContracts|Any CPU.Build.0 = Release|Any CPU
		{7741AF0B-D316-4C1D-A51D-A89F3070D6B0}.Debug|Any CPU.ActiveCfg = Debug|Any CPU
		{7741AF0B-D316-4C1D-A51D-A89F3070D6B0}.Debug|Any CPU.Build.0 = Debug|Any CPU
		{7741AF0B-D316-4C1D-A51D-A89F3070D6B0}.Release|Any CPU.ActiveCfg = Release|Any CPU
		{7741AF0B-D316-4C1D-A51D-A89F3070D6B0}.Release|Any CPU.Build.0 = Release|Any CPU
		{3F3D8108-CC1C-4CE2-8768-2097A0B77D01}.CodeContracts|Any CPU.ActiveCfg = Release|Any CPU
		{3F3D8108-CC1C-4CE2-8768-2097A0B77D01}.CodeContracts|Any CPU.Build.0 = Release|Any CPU
		{3F3D8108-CC1C-4CE2-8768-2097A0B77D01}.Debug|Any CPU.ActiveCfg = Debug|Any CPU
		{3F3D8108-CC1C-4CE2-8768-2097A0B77D01}.Debug|Any CPU.Build.0 = Debug|Any CPU
		{3F3D8108-CC1C-4CE2-8768-2097A0B77D01}.Release|Any CPU.ActiveCfg = Release|Any CPU
		{3F3D8108-CC1C-4CE2-8768-2097A0B77D01}.Release|Any CPU.Build.0 = Release|Any CPU
		{F1F1E121-3B3D-463D-8CF5-3A6E92004546}.CodeContracts|Any CPU.ActiveCfg = Release|Any CPU
		{F1F1E121-3B3D-463D-8CF5-3A6E92004546}.CodeContracts|Any CPU.Build.0 = Release|Any CPU
		{F1F1E121-3B3D-463D-8CF5-3A6E92004546}.Debug|Any CPU.ActiveCfg = Debug|Any CPU
		{F1F1E121-3B3D-463D-8CF5-3A6E92004546}.Debug|Any CPU.Build.0 = Debug|Any CPU
		{F1F1E121-3B3D-463D-8CF5-3A6E92004546}.Release|Any CPU.ActiveCfg = Release|Any CPU
		{F1F1E121-3B3D-463D-8CF5-3A6E92004546}.Release|Any CPU.Build.0 = Release|Any CPU
		{49823004-DABA-4FE2-B4F0-D40542AF7754}.CodeContracts|Any CPU.ActiveCfg = Release|Any CPU
		{49823004-DABA-4FE2-B4F0-D40542AF7754}.CodeContracts|Any CPU.Build.0 = Release|Any CPU
		{49823004-DABA-4FE2-B4F0-D40542AF7754}.Debug|Any CPU.ActiveCfg = Debug|Any CPU
		{49823004-DABA-4FE2-B4F0-D40542AF7754}.Debug|Any CPU.Build.0 = Debug|Any CPU
		{49823004-DABA-4FE2-B4F0-D40542AF7754}.Release|Any CPU.ActiveCfg = Release|Any CPU
		{49823004-DABA-4FE2-B4F0-D40542AF7754}.Release|Any CPU.Build.0 = Release|Any CPU
		{57051DF4-A9BF-47E2-ADF3-9E938AC1F2E3}.CodeContracts|Any CPU.ActiveCfg = Release|Any CPU
		{57051DF4-A9BF-47E2-ADF3-9E938AC1F2E3}.CodeContracts|Any CPU.Build.0 = Release|Any CPU
		{57051DF4-A9BF-47E2-ADF3-9E938AC1F2E3}.Debug|Any CPU.ActiveCfg = Debug|Any CPU
		{57051DF4-A9BF-47E2-ADF3-9E938AC1F2E3}.Debug|Any CPU.Build.0 = Debug|Any CPU
		{57051DF4-A9BF-47E2-ADF3-9E938AC1F2E3}.Release|Any CPU.ActiveCfg = Release|Any CPU
		{57051DF4-A9BF-47E2-ADF3-9E938AC1F2E3}.Release|Any CPU.Build.0 = Release|Any CPU
	EndGlobalSection
	GlobalSection(SolutionProperties) = preSolution
		HideSolutionNode = FALSE
	EndGlobalSection
	GlobalSection(NestedProjects) = preSolution
		{56E3969F-5066-4702-A670-4C35FBD97201} = {E532D0F7-CFBB-4D52-BEA3-D67DA931AC86}
		{AE69E1DD-A499-48E9-8BAA-B279E07F7DC7} = {9C0D3D2C-E3FE-4E83-9C89-144A10CE3402}
		{28F6175D-0EE3-4763-8004-662A7DE41280} = {E532D0F7-CFBB-4D52-BEA3-D67DA931AC86}
		{38055176-243B-4090-8148-EFB8FE18FF23} = {E532D0F7-CFBB-4D52-BEA3-D67DA931AC86}
		{2944D621-7F6E-4792-94AD-0021C6B73981} = {E532D0F7-CFBB-4D52-BEA3-D67DA931AC86}
		{F4E7C519-8C51-4F2F-A50E-1A478399C93C} = {E532D0F7-CFBB-4D52-BEA3-D67DA931AC86}
		{22F5819B-94C5-47B5-A83D-2F807BAC8130} = {7FF29AE0-15BB-4C3C-B497-23852B98F95B}
		{779357E7-F156-425C-8EB8-FB45ACDFF9DE} = {7FF29AE0-15BB-4C3C-B497-23852B98F95B}
		{00388395-FC0D-4356-A1C8-9A9555B09943} = {E532D0F7-CFBB-4D52-BEA3-D67DA931AC86}
		{85E2C826-BF5C-4CDD-A90A-56D3D7F9CE25} = {E532D0F7-CFBB-4D52-BEA3-D67DA931AC86}
		{66B62BA5-E26E-4899-85AC-4C52D3A427E9} = {AF0713D7-9FA9-460A-BD1C-ED4CD442E09C}
		{0EC7B143-8C03-4127-A686-84433A17E5B4} = {9C0D3D2C-E3FE-4E83-9C89-144A10CE3402}
		{E94F4D98-3882-4713-90FD-27C515B68BB0} = {1606E94A-5311-4C5F-91E2-876A4B635F02}
		{D05B40A6-15B6-46D0-ABC1-8F8CFC5D02E8} = {AF0713D7-9FA9-460A-BD1C-ED4CD442E09C}
		{C141265F-95ED-4093-A56C-5991DBA96F67} = {1606E94A-5311-4C5F-91E2-876A4B635F02}
		{031AB273-4A04-40AF-923A-AA138096F98A} = {1606E94A-5311-4C5F-91E2-876A4B635F02}
		{F3D20800-96A8-4661-B796-FB5037CA0422} = {1606E94A-5311-4C5F-91E2-876A4B635F02}
		{1F222A47-26E5-462A-AB89-F031060D224A} = {1606E94A-5311-4C5F-91E2-876A4B635F02}
		{E394C38B-F999-4322-B821-7630368DA16F} = {E532D0F7-CFBB-4D52-BEA3-D67DA931AC86}
		{7741AF0B-D316-4C1D-A51D-A89F3070D6B0} = {1606E94A-5311-4C5F-91E2-876A4B635F02}
		{3F3D8108-CC1C-4CE2-8768-2097A0B77D01} = {1606E94A-5311-4C5F-91E2-876A4B635F02}
		{F1F1E121-3B3D-463D-8CF5-3A6E92004546} = {1606E94A-5311-4C5F-91E2-876A4B635F02}
		{49823004-DABA-4FE2-B4F0-D40542AF7754} = {1606E94A-5311-4C5F-91E2-876A4B635F02}
		{57051DF4-A9BF-47E2-ADF3-9E938AC1F2E3} = {7FF29AE0-15BB-4C3C-B497-23852B98F95B}
	EndGlobalSection
EndGlobal
