
Microsoft Visual Studio Solution File, Format Version 12.00
# Visual Studio 14
VisualStudioVersion = 14.0.25420.1
MinimumVisualStudioVersion = 10.0.40219.1
Project("{FAE04EC0-301F-11D3-BF4B-00C04F79EFBC}") = "Narvalo.Reliability", "src\Narvalo.Reliability\Narvalo.Reliability.csproj", "{191574A7-86E0-411C-BD7B-50F703664522}"
EndProject
Project("{FAE04EC0-301F-11D3-BF4B-00C04F79EFBC}") = "Narvalo.Cerbere", "src\Narvalo.Cerbere\Narvalo.Cerbere.csproj", "{00388395-FC0D-4356-A1C8-9A9555B09943}"
EndProject
Project("{FAE04EC0-301F-11D3-BF4B-00C04F79EFBC}") = "Narvalo.Reliability.Facts", "tests\Narvalo.Reliability.Facts\Narvalo.Reliability.Facts.csproj", "{A6E851F2-C725-4461-9A8D-47DADB563923}"
EndProject
Project("{D954291E-2A0B-460D-934E-DC6B0785DB48}") = "Narvalo.TestCommon", "tests\Narvalo.TestCommon\Narvalo.TestCommon.shproj", "{C141265F-95ED-4093-A56C-5991DBA96F67}"
EndProject
Global
	GlobalSection(SharedMSBuildProjectFiles) = preSolution
		tests\Narvalo.TestCommon\Narvalo.TestCommon.projitems*{c141265f-95ed-4093-a56c-5991dba96f67}*SharedItemsImports = 13
	EndGlobalSection
	GlobalSection(SolutionConfigurationPlatforms) = preSolution
		CodeContracts|Any CPU = CodeContracts|Any CPU
		Debug|Any CPU = Debug|Any CPU
		Release|Any CPU = Release|Any CPU
	EndGlobalSection
	GlobalSection(ProjectConfigurationPlatforms) = postSolution
		{191574A7-86E0-411C-BD7B-50F703664522}.CodeContracts|Any CPU.ActiveCfg = Release|Any CPU
		{191574A7-86E0-411C-BD7B-50F703664522}.CodeContracts|Any CPU.Build.0 = Release|Any CPU
		{191574A7-86E0-411C-BD7B-50F703664522}.Debug|Any CPU.ActiveCfg = Debug|Any CPU
		{191574A7-86E0-411C-BD7B-50F703664522}.Debug|Any CPU.Build.0 = Debug|Any CPU
		{191574A7-86E0-411C-BD7B-50F703664522}.Release|Any CPU.ActiveCfg = Release|Any CPU
		{191574A7-86E0-411C-BD7B-50F703664522}.Release|Any CPU.Build.0 = Release|Any CPU
		{00388395-FC0D-4356-A1C8-9A9555B09943}.CodeContracts|Any CPU.ActiveCfg = CodeContracts|Any CPU
		{00388395-FC0D-4356-A1C8-9A9555B09943}.CodeContracts|Any CPU.Build.0 = CodeContracts|Any CPU
		{00388395-FC0D-4356-A1C8-9A9555B09943}.Debug|Any CPU.ActiveCfg = Debug|Any CPU
		{00388395-FC0D-4356-A1C8-9A9555B09943}.Debug|Any CPU.Build.0 = Debug|Any CPU
		{00388395-FC0D-4356-A1C8-9A9555B09943}.Release|Any CPU.ActiveCfg = Release|Any CPU
		{00388395-FC0D-4356-A1C8-9A9555B09943}.Release|Any CPU.Build.0 = Release|Any CPU
		{A6E851F2-C725-4461-9A8D-47DADB563923}.CodeContracts|Any CPU.ActiveCfg = CodeContracts|Any CPU
		{A6E851F2-C725-4461-9A8D-47DADB563923}.CodeContracts|Any CPU.Build.0 = CodeContracts|Any CPU
		{A6E851F2-C725-4461-9A8D-47DADB563923}.Debug|Any CPU.ActiveCfg = Debug|Any CPU
		{A6E851F2-C725-4461-9A8D-47DADB563923}.Debug|Any CPU.Build.0 = Debug|Any CPU
		{A6E851F2-C725-4461-9A8D-47DADB563923}.Release|Any CPU.ActiveCfg = Release|Any CPU
		{A6E851F2-C725-4461-9A8D-47DADB563923}.Release|Any CPU.Build.0 = Release|Any CPU
	EndGlobalSection
	GlobalSection(SolutionProperties) = preSolution
		HideSolutionNode = FALSE
	EndGlobalSection
EndGlobal
