
Microsoft Visual Studio Solution File, Format Version 12.00
# Visual Studio 2013
VisualStudioVersion = 12.0.31101.0
MinimumVisualStudioVersion = 10.0.40219.1
Project("{FAE04EC0-301F-11D3-BF4B-00C04F79EFBC}") = "Narvalo.Common", "src\Narvalo.Common\Narvalo.Common.csproj", "{7B564B3C-CCCC-43CA-94B6-D375AA40F085}"
EndProject
Project("{FAE04EC0-301F-11D3-BF4B-00C04F79EFBC}") = "Narvalo.Web", "src\Narvalo.Web\Narvalo.Web.csproj", "{56E3969F-5066-4702-A670-4C35FBD97201}"
EndProject
Project("{FAE04EC0-301F-11D3-BF4B-00C04F79EFBC}") = "Narvalo.Core", "src\Narvalo.Core\Narvalo.Core.csproj", "{00388395-FC0D-4356-A1C8-9A9555B09943}"
EndProject
Project("{FAE04EC0-301F-11D3-BF4B-00C04F79EFBC}") = "Narvalo.Extras", "src\Narvalo.Extras\Narvalo.Extras.csproj", "{B4254C3B-1FE0-4A39-9215-6F84D058FD40}"
EndProject
Project("{FAE04EC0-301F-11D3-BF4B-00C04F79EFBC}") = "Narvalo.Benchmarking", "src\Narvalo.Benchmarking\Narvalo.Benchmarking.csproj", "{13CF906D-62BF-4962-8038-F54893A5F976}"
EndProject
Project("{FAE04EC0-301F-11D3-BF4B-00C04F79EFBC}") = "Playground", "src\Playground\Playground.csproj", "{A4664A7E-72FF-4E56-8696-9E7EAFE66421}"
EndProject
Project("{2150E333-8FDC-42A3-9474-1A3956D46DE8}") = "Solution Items", "Solution Items", "{0F5DD07C-8F90-4998-97B5-92991FFF2833}"
	ProjectSection(SolutionItems) = preProject
		docs\Changelog.md = docs\Changelog.md
		docs\Guidelines.md = docs\Guidelines.md
		docs\Issues.md = docs\Issues.md
		docs\Overview.md = docs\Overview.md
		README.md = README.md
		docs\Tips.md = docs\Tips.md
		docs\TODO.md = docs\TODO.md
	EndProjectSection
EndProject
Project("{2150E333-8FDC-42A3-9474-1A3956D46DE8}") = "Build", "Build", "{4F15D06E-58F3-45ED-8960-4AC11C0DAE2E}"
	ProjectSection(SolutionItems) = preProject
		build.cmd = build.cmd
		tools\Make.Common.props = tools\Make.Common.props
		tools\Make.Common.targets = tools\Make.Common.targets
		tools\Make.Common.tasks = tools\Make.Common.tasks
		tools\Make.CustomAfter.props = tools\Make.CustomAfter.props
		tools\Make.CustomAfter.targets = tools\Make.CustomAfter.targets
		tools\Make.CustomBefore.props = tools\Make.CustomBefore.props
		tools\Make.CustomBefore.targets = tools\Make.CustomBefore.targets
		tools\Make.Settings.props = tools\Make.Settings.props
		tools\Narvalo.Common.props = tools\Narvalo.Common.props
		tools\Narvalo.Common.targets = tools\Narvalo.Common.targets
		Narvalo.proj = Narvalo.proj
		tools\Package.StyleCop.targets = tools\Package.StyleCop.targets
		tools\Package.Xunit.tasks = tools\Package.Xunit.tasks
		quick.cmd = quick.cmd
		tools\Shared.props = tools\Shared.props
	EndProjectSection
EndProject
Project("{2150E333-8FDC-42A3-9474-1A3956D46DE8}") = ".nuget", ".nuget", "{D552D1B5-0EE5-4BC9-AFCB-7A7128811DAB}"
	ProjectSection(SolutionItems) = preProject
		.nuget\NuGet.Config = .nuget\NuGet.Config
		.nuget\packages.config = .nuget\packages.config
	EndProjectSection
EndProject
Project("{2150E333-8FDC-42A3-9474-1A3956D46DE8}") = "PreviewCommonMark", "PreviewCommonMark", "{36958601-D874-4234-8802-6E496A8A6335}"
	ProjectSection(SolutionItems) = preProject
		tools\PreviewCommonMark\index.html = tools\PreviewCommonMark\index.html
	EndProjectSection
EndProject
Project("{2150E333-8FDC-42A3-9474-1A3956D46DE8}") = "Settings", "Settings", "{990FBF0C-8EA8-4005-9524-511E12E7491F}"
	ProjectSection(SolutionItems) = preProject
		etc\AssemblyInfo.Common.cs = etc\AssemblyInfo.Common.cs
		etc\AssemblyInfo.Version.cs = etc\AssemblyInfo.Version.cs
		etc\CodeAnalysisDictionary.xml = etc\CodeAnalysisDictionary.xml
		etc\Samples.ruleset = etc\Samples.ruleset
		etc\Settings.SourceAnalysis = etc\Settings.SourceAnalysis
		etc\Strict.ruleset = etc\Strict.ruleset
		etc\Tests.ruleset = etc\Tests.ruleset
	EndProjectSection
EndProject
Project("{FAE04EC0-301F-11D3-BF4B-00C04F79EFBC}") = "Narvalo.Junk", "src\Narvalo.Junk\Narvalo.Junk.csproj", "{809C0DA5-9A01-4ADA-83A5-1A0494723594}"
EndProject
Project("{FAE04EC0-301F-11D3-BF4B-00C04F79EFBC}") = "DocuMaker", "src\DocuMaker\DocuMaker.csproj", "{475B9410-296D-47CB-BB58-BC57BFA8F8AB}"
EndProject
Project("{FAE04EC0-301F-11D3-BF4B-00C04F79EFBC}") = "Narvalo.Facts", "tests\Narvalo.Facts\Narvalo.Facts.csproj", "{A6E851F2-C725-4461-9A8D-47DADB563923}"
EndProject
Project("{2150E333-8FDC-42A3-9474-1A3956D46DE8}") = "NuGet", "NuGet", "{A1081472-283E-4EBA-B740-DD6AF14B41FC}"
	ProjectSection(SolutionItems) = preProject
		etc\Narvalo.Core.nuspec = etc\Narvalo.Core.nuspec
	EndProjectSection
EndProject
Global
	GlobalSection(SolutionConfigurationPlatforms) = preSolution
		CodeContracts|Any CPU = CodeContracts|Any CPU
		Debug|Any CPU = Debug|Any CPU
		Release|Any CPU = Release|Any CPU
	EndGlobalSection
	GlobalSection(ProjectConfigurationPlatforms) = postSolution
		{7B564B3C-CCCC-43CA-94B6-D375AA40F085}.CodeContracts|Any CPU.ActiveCfg = CodeContracts|Any CPU
		{7B564B3C-CCCC-43CA-94B6-D375AA40F085}.CodeContracts|Any CPU.Build.0 = CodeContracts|Any CPU
		{7B564B3C-CCCC-43CA-94B6-D375AA40F085}.Debug|Any CPU.ActiveCfg = Debug|Any CPU
		{7B564B3C-CCCC-43CA-94B6-D375AA40F085}.Debug|Any CPU.Build.0 = Debug|Any CPU
		{7B564B3C-CCCC-43CA-94B6-D375AA40F085}.Release|Any CPU.ActiveCfg = Release|Any CPU
		{7B564B3C-CCCC-43CA-94B6-D375AA40F085}.Release|Any CPU.Build.0 = Release|Any CPU
		{56E3969F-5066-4702-A670-4C35FBD97201}.CodeContracts|Any CPU.ActiveCfg = CodeContracts|Any CPU
		{56E3969F-5066-4702-A670-4C35FBD97201}.CodeContracts|Any CPU.Build.0 = CodeContracts|Any CPU
		{56E3969F-5066-4702-A670-4C35FBD97201}.Debug|Any CPU.ActiveCfg = Debug|Any CPU
		{56E3969F-5066-4702-A670-4C35FBD97201}.Debug|Any CPU.Build.0 = Debug|Any CPU
		{56E3969F-5066-4702-A670-4C35FBD97201}.Release|Any CPU.ActiveCfg = Release|Any CPU
		{56E3969F-5066-4702-A670-4C35FBD97201}.Release|Any CPU.Build.0 = Release|Any CPU
		{00388395-FC0D-4356-A1C8-9A9555B09943}.CodeContracts|Any CPU.ActiveCfg = CodeContracts|Any CPU
		{00388395-FC0D-4356-A1C8-9A9555B09943}.CodeContracts|Any CPU.Build.0 = CodeContracts|Any CPU
		{00388395-FC0D-4356-A1C8-9A9555B09943}.Debug|Any CPU.ActiveCfg = Debug|Any CPU
		{00388395-FC0D-4356-A1C8-9A9555B09943}.Debug|Any CPU.Build.0 = Debug|Any CPU
		{00388395-FC0D-4356-A1C8-9A9555B09943}.Release|Any CPU.ActiveCfg = Release|Any CPU
		{00388395-FC0D-4356-A1C8-9A9555B09943}.Release|Any CPU.Build.0 = Release|Any CPU
		{B4254C3B-1FE0-4A39-9215-6F84D058FD40}.CodeContracts|Any CPU.ActiveCfg = CodeContracts|Any CPU
		{B4254C3B-1FE0-4A39-9215-6F84D058FD40}.Debug|Any CPU.ActiveCfg = Debug|Any CPU
		{B4254C3B-1FE0-4A39-9215-6F84D058FD40}.Debug|Any CPU.Build.0 = Debug|Any CPU
		{B4254C3B-1FE0-4A39-9215-6F84D058FD40}.Release|Any CPU.ActiveCfg = Release|Any CPU
		{B4254C3B-1FE0-4A39-9215-6F84D058FD40}.Release|Any CPU.Build.0 = Release|Any CPU
		{13CF906D-62BF-4962-8038-F54893A5F976}.CodeContracts|Any CPU.ActiveCfg = CodeContracts|Any CPU
		{13CF906D-62BF-4962-8038-F54893A5F976}.Debug|Any CPU.ActiveCfg = Debug|Any CPU
		{13CF906D-62BF-4962-8038-F54893A5F976}.Debug|Any CPU.Build.0 = Debug|Any CPU
		{13CF906D-62BF-4962-8038-F54893A5F976}.Release|Any CPU.ActiveCfg = Release|Any CPU
		{13CF906D-62BF-4962-8038-F54893A5F976}.Release|Any CPU.Build.0 = Release|Any CPU
		{A4664A7E-72FF-4E56-8696-9E7EAFE66421}.CodeContracts|Any CPU.ActiveCfg = CodeContracts|Any CPU
		{A4664A7E-72FF-4E56-8696-9E7EAFE66421}.Debug|Any CPU.ActiveCfg = Debug|Any CPU
		{A4664A7E-72FF-4E56-8696-9E7EAFE66421}.Debug|Any CPU.Build.0 = Debug|Any CPU
		{A4664A7E-72FF-4E56-8696-9E7EAFE66421}.Release|Any CPU.ActiveCfg = Release|Any CPU
		{A4664A7E-72FF-4E56-8696-9E7EAFE66421}.Release|Any CPU.Build.0 = Release|Any CPU
		{809C0DA5-9A01-4ADA-83A5-1A0494723594}.CodeContracts|Any CPU.ActiveCfg = CodeContracts|Any CPU
		{809C0DA5-9A01-4ADA-83A5-1A0494723594}.Debug|Any CPU.ActiveCfg = Debug|Any CPU
		{809C0DA5-9A01-4ADA-83A5-1A0494723594}.Debug|Any CPU.Build.0 = Debug|Any CPU
		{809C0DA5-9A01-4ADA-83A5-1A0494723594}.Release|Any CPU.ActiveCfg = Release|Any CPU
		{809C0DA5-9A01-4ADA-83A5-1A0494723594}.Release|Any CPU.Build.0 = Release|Any CPU
		{475B9410-296D-47CB-BB58-BC57BFA8F8AB}.CodeContracts|Any CPU.ActiveCfg = CodeContracts|Any CPU
		{475B9410-296D-47CB-BB58-BC57BFA8F8AB}.Debug|Any CPU.ActiveCfg = Debug|Any CPU
		{475B9410-296D-47CB-BB58-BC57BFA8F8AB}.Debug|Any CPU.Build.0 = Debug|Any CPU
		{475B9410-296D-47CB-BB58-BC57BFA8F8AB}.Release|Any CPU.ActiveCfg = Release|Any CPU
		{475B9410-296D-47CB-BB58-BC57BFA8F8AB}.Release|Any CPU.Build.0 = Release|Any CPU
		{A6E851F2-C725-4461-9A8D-47DADB563923}.CodeContracts|Any CPU.ActiveCfg = CodeContracts|Any CPU
		{A6E851F2-C725-4461-9A8D-47DADB563923}.Debug|Any CPU.ActiveCfg = Debug|Any CPU
		{A6E851F2-C725-4461-9A8D-47DADB563923}.Debug|Any CPU.Build.0 = Debug|Any CPU
		{A6E851F2-C725-4461-9A8D-47DADB563923}.Release|Any CPU.ActiveCfg = Release|Any CPU
		{A6E851F2-C725-4461-9A8D-47DADB563923}.Release|Any CPU.Build.0 = Release|Any CPU
	EndGlobalSection
	GlobalSection(SolutionProperties) = preSolution
		HideSolutionNode = FALSE
	EndGlobalSection
	GlobalSection(NestedProjects) = preSolution
		{4F15D06E-58F3-45ED-8960-4AC11C0DAE2E} = {0F5DD07C-8F90-4998-97B5-92991FFF2833}
		{36958601-D874-4234-8802-6E496A8A6335} = {0F5DD07C-8F90-4998-97B5-92991FFF2833}
		{990FBF0C-8EA8-4005-9524-511E12E7491F} = {0F5DD07C-8F90-4998-97B5-92991FFF2833}
		{A1081472-283E-4EBA-B740-DD6AF14B41FC} = {0F5DD07C-8F90-4998-97B5-92991FFF2833}
	EndGlobalSection
EndGlobal
