
Microsoft Visual Studio Solution File, Format Version 12.00
# Visual Studio 2013
VisualStudioVersion = 12.0.31101.0
MinimumVisualStudioVersion = 10.0.40219.1
Project("{2150E333-8FDC-42A3-9474-1A3956D46DE8}") = ".nuget", ".nuget", "{2183403F-6794-4547-BEDA-A9A555CBB726}"
	ProjectSection(SolutionItems) = preProject
		.nuget\NuGet.Config = .nuget\NuGet.Config
		.nuget\NuGet.exe = .nuget\NuGet.exe
		.nuget\NuGet.targets = .nuget\NuGet.targets
		.nuget\packages.config = .nuget\packages.config
	EndProjectSection
EndProject
Project("{2150E333-8FDC-42A3-9474-1A3956D46DE8}") = "1. Libraries", "1. Libraries", "{4201BE1B-0CB6-4C4C-84C2-48DF211B6BCB}"
EndProject
Project("{FAE04EC0-301F-11D3-BF4B-00C04F79EFBC}") = "Narvalo.Common", "src\Narvalo.Common\Narvalo.Common.csproj", "{7B564B3C-CCCC-43CA-94B6-D375AA40F085}"
EndProject
Project("{FAE04EC0-301F-11D3-BF4B-00C04F79EFBC}") = "Narvalo.Web", "src\Narvalo.Web\Narvalo.Web.csproj", "{56E3969F-5066-4702-A670-4C35FBD97201}"
EndProject
Project("{FAE04EC0-301F-11D3-BF4B-00C04F79EFBC}") = "Narvalo.Incubator", "src\Narvalo.Incubator\Narvalo.Incubator.csproj", "{2A773EA9-D0BC-4A25-B43F-E238F52AA4D3}"
EndProject
Project("{FAE04EC0-301F-11D3-BF4B-00C04F79EFBC}") = "Narvalo.Build", "src\Narvalo.Build\Narvalo.Build.csproj", "{AE69E1DD-A499-48E9-8BAA-B279E07F7DC7}"
EndProject
Project("{FAE04EC0-301F-11D3-BF4B-00C04F79EFBC}") = "Narvalo.StyleCop.CSharp", "src\Narvalo.StyleCop.CSharp\Narvalo.StyleCop.CSharp.csproj", "{6FEBE148-83FF-4378-A4A6-887A1E8A7E51}"
EndProject
Project("{2150E333-8FDC-42A3-9474-1A3956D46DE8}") = "3. Experimental -Seriously broken - Unfinished", "3. Experimental -Seriously broken - Unfinished", "{F6D644EC-5C23-4D95-894C-3B698AC43DB4}"
EndProject
Project("{FAE04EC0-301F-11D3-BF4B-00C04F79EFBC}") = "Narvalo.Ghostscript", "src\Narvalo.Ghostscript\Narvalo.Ghostscript.csproj", "{B5A714CA-D2A2-4AB7-9C70-A5B60EA4C661}"
EndProject
Project("{FAE04EC0-301F-11D3-BF4B-00C04F79EFBC}") = "Narvalo.Facts", "test\Narvalo.Facts\Narvalo.Facts.csproj", "{967FD938-F4FF-452B-9F9B-426D1F250BEB}"
EndProject
Project("{FAE04EC0-301F-11D3-BF4B-00C04F79EFBC}") = "Narvalo.Portable", "src\Narvalo.Portable\Narvalo.Portable.csproj", "{00388395-FC0D-4356-A1C8-9A9555B09943}"
EndProject
Project("{FAE04EC0-301F-11D3-BF4B-00C04F79EFBC}") = "Narvalo.Extras", "src\Narvalo.Extras\Narvalo.Extras.csproj", "{B4254C3B-1FE0-4A39-9215-6F84D058FD40}"
EndProject
Project("{FAE04EC0-301F-11D3-BF4B-00C04F79EFBC}") = "Playground", "src\Playground\Playground.csproj", "{A4664A7E-72FF-4E56-8696-9E7EAFE66421}"
EndProject
Project("{FAE04EC0-301F-11D3-BF4B-00C04F79EFBC}") = "Narrative", "src\Narrative\Narrative.csproj", "{475B9410-296D-47CB-BB58-BC57BFA8F8AB}"
EndProject
Project("{FAE04EC0-301F-11D3-BF4B-00C04F79EFBC}") = "Playground.Benchmark", "src\Playground.Benchmark\Playground.Benchmark.csproj", "{D06F888D-9654-4D25-97BF-C92D5CBE4091}"
EndProject
Project("{2150E333-8FDC-42A3-9474-1A3956D46DE8}") = "2. Playground", "2. Playground", "{E9F83747-D5DC-493C-9C2E-86AA6FA49BCD}"
EndProject
Global
	GlobalSection(SolutionConfigurationPlatforms) = preSolution
		Debug|Any CPU = Debug|Any CPU
		Release|Any CPU = Release|Any CPU
	EndGlobalSection
	GlobalSection(ProjectConfigurationPlatforms) = postSolution
		{7B564B3C-CCCC-43CA-94B6-D375AA40F085}.Debug|Any CPU.ActiveCfg = Debug|Any CPU
		{7B564B3C-CCCC-43CA-94B6-D375AA40F085}.Debug|Any CPU.Build.0 = Debug|Any CPU
		{7B564B3C-CCCC-43CA-94B6-D375AA40F085}.Release|Any CPU.ActiveCfg = Release|Any CPU
		{7B564B3C-CCCC-43CA-94B6-D375AA40F085}.Release|Any CPU.Build.0 = Release|Any CPU
		{56E3969F-5066-4702-A670-4C35FBD97201}.Debug|Any CPU.ActiveCfg = Debug|Any CPU
		{56E3969F-5066-4702-A670-4C35FBD97201}.Debug|Any CPU.Build.0 = Debug|Any CPU
		{56E3969F-5066-4702-A670-4C35FBD97201}.Release|Any CPU.ActiveCfg = Release|Any CPU
		{56E3969F-5066-4702-A670-4C35FBD97201}.Release|Any CPU.Build.0 = Release|Any CPU
		{2A773EA9-D0BC-4A25-B43F-E238F52AA4D3}.Debug|Any CPU.ActiveCfg = Debug|Any CPU
		{2A773EA9-D0BC-4A25-B43F-E238F52AA4D3}.Debug|Any CPU.Build.0 = Debug|Any CPU
		{2A773EA9-D0BC-4A25-B43F-E238F52AA4D3}.Release|Any CPU.ActiveCfg = Release|Any CPU
		{2A773EA9-D0BC-4A25-B43F-E238F52AA4D3}.Release|Any CPU.Build.0 = Release|Any CPU
		{AE69E1DD-A499-48E9-8BAA-B279E07F7DC7}.Debug|Any CPU.ActiveCfg = Debug|Any CPU
		{AE69E1DD-A499-48E9-8BAA-B279E07F7DC7}.Debug|Any CPU.Build.0 = Debug|Any CPU
		{AE69E1DD-A499-48E9-8BAA-B279E07F7DC7}.Release|Any CPU.ActiveCfg = Release|Any CPU
		{AE69E1DD-A499-48E9-8BAA-B279E07F7DC7}.Release|Any CPU.Build.0 = Release|Any CPU
		{6FEBE148-83FF-4378-A4A6-887A1E8A7E51}.Debug|Any CPU.ActiveCfg = Debug|Any CPU
		{6FEBE148-83FF-4378-A4A6-887A1E8A7E51}.Debug|Any CPU.Build.0 = Debug|Any CPU
		{6FEBE148-83FF-4378-A4A6-887A1E8A7E51}.Release|Any CPU.ActiveCfg = Release|Any CPU
		{6FEBE148-83FF-4378-A4A6-887A1E8A7E51}.Release|Any CPU.Build.0 = Release|Any CPU
		{B5A714CA-D2A2-4AB7-9C70-A5B60EA4C661}.Debug|Any CPU.ActiveCfg = Debug|Any CPU
		{B5A714CA-D2A2-4AB7-9C70-A5B60EA4C661}.Debug|Any CPU.Build.0 = Debug|Any CPU
		{B5A714CA-D2A2-4AB7-9C70-A5B60EA4C661}.Release|Any CPU.ActiveCfg = Release|Any CPU
		{B5A714CA-D2A2-4AB7-9C70-A5B60EA4C661}.Release|Any CPU.Build.0 = Release|Any CPU
		{967FD938-F4FF-452B-9F9B-426D1F250BEB}.Debug|Any CPU.ActiveCfg = Debug|Any CPU
		{967FD938-F4FF-452B-9F9B-426D1F250BEB}.Debug|Any CPU.Build.0 = Debug|Any CPU
		{967FD938-F4FF-452B-9F9B-426D1F250BEB}.Release|Any CPU.ActiveCfg = Release|Any CPU
		{967FD938-F4FF-452B-9F9B-426D1F250BEB}.Release|Any CPU.Build.0 = Release|Any CPU
		{00388395-FC0D-4356-A1C8-9A9555B09943}.Debug|Any CPU.ActiveCfg = Debug|Any CPU
		{00388395-FC0D-4356-A1C8-9A9555B09943}.Debug|Any CPU.Build.0 = Debug|Any CPU
		{00388395-FC0D-4356-A1C8-9A9555B09943}.Release|Any CPU.ActiveCfg = Release|Any CPU
		{00388395-FC0D-4356-A1C8-9A9555B09943}.Release|Any CPU.Build.0 = Release|Any CPU
		{B4254C3B-1FE0-4A39-9215-6F84D058FD40}.Debug|Any CPU.ActiveCfg = Debug|Any CPU
		{B4254C3B-1FE0-4A39-9215-6F84D058FD40}.Debug|Any CPU.Build.0 = Debug|Any CPU
		{B4254C3B-1FE0-4A39-9215-6F84D058FD40}.Release|Any CPU.ActiveCfg = Release|Any CPU
		{B4254C3B-1FE0-4A39-9215-6F84D058FD40}.Release|Any CPU.Build.0 = Release|Any CPU
		{A4664A7E-72FF-4E56-8696-9E7EAFE66421}.Debug|Any CPU.ActiveCfg = Debug|Any CPU
		{A4664A7E-72FF-4E56-8696-9E7EAFE66421}.Debug|Any CPU.Build.0 = Debug|Any CPU
		{A4664A7E-72FF-4E56-8696-9E7EAFE66421}.Release|Any CPU.ActiveCfg = Release|Any CPU
		{A4664A7E-72FF-4E56-8696-9E7EAFE66421}.Release|Any CPU.Build.0 = Release|Any CPU
		{475B9410-296D-47CB-BB58-BC57BFA8F8AB}.Debug|Any CPU.ActiveCfg = Debug|Any CPU
		{475B9410-296D-47CB-BB58-BC57BFA8F8AB}.Debug|Any CPU.Build.0 = Debug|Any CPU
		{475B9410-296D-47CB-BB58-BC57BFA8F8AB}.Release|Any CPU.ActiveCfg = Release|Any CPU
		{475B9410-296D-47CB-BB58-BC57BFA8F8AB}.Release|Any CPU.Build.0 = Release|Any CPU
		{D06F888D-9654-4D25-97BF-C92D5CBE4091}.Debug|Any CPU.ActiveCfg = Debug|Any CPU
		{D06F888D-9654-4D25-97BF-C92D5CBE4091}.Debug|Any CPU.Build.0 = Debug|Any CPU
		{D06F888D-9654-4D25-97BF-C92D5CBE4091}.Release|Any CPU.ActiveCfg = Release|Any CPU
		{D06F888D-9654-4D25-97BF-C92D5CBE4091}.Release|Any CPU.Build.0 = Release|Any CPU
	EndGlobalSection
	GlobalSection(SolutionProperties) = preSolution
		HideSolutionNode = FALSE
	EndGlobalSection
	GlobalSection(NestedProjects) = preSolution
		{7B564B3C-CCCC-43CA-94B6-D375AA40F085} = {4201BE1B-0CB6-4C4C-84C2-48DF211B6BCB}
		{56E3969F-5066-4702-A670-4C35FBD97201} = {4201BE1B-0CB6-4C4C-84C2-48DF211B6BCB}
		{2A773EA9-D0BC-4A25-B43F-E238F52AA4D3} = {F6D644EC-5C23-4D95-894C-3B698AC43DB4}
		{AE69E1DD-A499-48E9-8BAA-B279E07F7DC7} = {4201BE1B-0CB6-4C4C-84C2-48DF211B6BCB}
		{6FEBE148-83FF-4378-A4A6-887A1E8A7E51} = {F6D644EC-5C23-4D95-894C-3B698AC43DB4}
		{B5A714CA-D2A2-4AB7-9C70-A5B60EA4C661} = {F6D644EC-5C23-4D95-894C-3B698AC43DB4}
		{967FD938-F4FF-452B-9F9B-426D1F250BEB} = {4201BE1B-0CB6-4C4C-84C2-48DF211B6BCB}
		{00388395-FC0D-4356-A1C8-9A9555B09943} = {4201BE1B-0CB6-4C4C-84C2-48DF211B6BCB}
		{B4254C3B-1FE0-4A39-9215-6F84D058FD40} = {4201BE1B-0CB6-4C4C-84C2-48DF211B6BCB}
		{A4664A7E-72FF-4E56-8696-9E7EAFE66421} = {E9F83747-D5DC-493C-9C2E-86AA6FA49BCD}
		{475B9410-296D-47CB-BB58-BC57BFA8F8AB} = {F6D644EC-5C23-4D95-894C-3B698AC43DB4}
		{D06F888D-9654-4D25-97BF-C92D5CBE4091} = {E9F83747-D5DC-493C-9C2E-86AA6FA49BCD}
	EndGlobalSection
EndGlobal
