
Microsoft Visual Studio Solution File, Format Version 12.00
# Visual Studio 2013
VisualStudioVersion = 12.0.31101.0
MinimumVisualStudioVersion = 10.0.40219.1
Project("{FAE04EC0-301F-11D3-BF4B-00C04F79EFBC}") = "Narvalo.Common", "src\Narvalo.Common\Narvalo.Common.csproj", "{7B564B3C-CCCC-43CA-94B6-D375AA40F085}"
EndProject
Project("{FAE04EC0-301F-11D3-BF4B-00C04F79EFBC}") = "Narvalo.Web", "src\Narvalo.Web\Narvalo.Web.csproj", "{56E3969F-5066-4702-A670-4C35FBD97201}"
EndProject
Project("{FAE04EC0-301F-11D3-BF4B-00C04F79EFBC}") = "Narvalo.Core", "src\Narvalo.Core\Narvalo.Core.csproj", "{00388395-FC0D-4356-A1C8-9A9555B09943}"
EndProject
Project("{2150E333-8FDC-42A3-9474-1A3956D46DE8}") = ".nuget", ".nuget", "{D552D1B5-0EE5-4BC9-AFCB-7A7128811DAB}"
	ProjectSection(SolutionItems) = preProject
		.nuget\NuGet.Config = .nuget\NuGet.Config
		.nuget\packages.config = .nuget\packages.config
	EndProjectSection
EndProject
Project("{FAE04EC0-301F-11D3-BF4B-00C04F79EFBC}") = "Narvalo.Facts", "tests\Narvalo.Facts\Narvalo.Facts.csproj", "{A6E851F2-C725-4461-9A8D-47DADB563923}"
EndProject
Project("{FAE04EC0-301F-11D3-BF4B-00C04F79EFBC}") = "Narvalo.Brouillons", "src\Narvalo.Brouillons\Narvalo.Brouillons.csproj", "{809C0DA5-9A01-4ADA-83A5-1A0494723594}"
EndProject
Project("{FAE04EC0-301F-11D3-BF4B-00C04F79EFBC}") = "Narvalo.Benchmarks", "tests\Narvalo.Benchmarks\Narvalo.Benchmarks.csproj", "{4F37224C-58CC-4C55-80E6-14FD54A57EBE}"
EndProject
Project("{2150E333-8FDC-42A3-9474-1A3956D46DE8}") = "1. Libraries", "1. Libraries", "{E532D0F7-CFBB-4D52-BEA3-D67DA931AC86}"
EndProject
Project("{2150E333-8FDC-42A3-9474-1A3956D46DE8}") = "3. Tests", "3. Tests", "{7C09B3E7-756C-4ED3-A1F1-A789BA6AE3CA}"
EndProject
Project("{2150E333-8FDC-42A3-9474-1A3956D46DE8}") = "2. Tools", "2. Tools", "{9C0D3D2C-E3FE-4E83-9C89-144A10CE3402}"
EndProject
Project("{FAE04EC0-301F-11D3-BF4B-00C04F79EFBC}") = "Narvalo.Build", "src\Narvalo.Build\Narvalo.Build.csproj", "{AE69E1DD-A499-48E9-8BAA-B279E07F7DC7}"
EndProject
Project("{FAE04EC0-301F-11D3-BF4B-00C04F79EFBC}") = "Narvalo.StyleCop.CSharp", "src\Narvalo.StyleCop.CSharp\Narvalo.StyleCop.CSharp.csproj", "{6FEBE148-83FF-4378-A4A6-887A1E8A7E51}"
EndProject
Project("{FAE04EC0-301F-11D3-BF4B-00C04F79EFBC}") = "Narvalo.Ghostscript", "src\Narvalo.Ghostscript\Narvalo.Ghostscript.csproj", "{B5A714CA-D2A2-4AB7-9C70-A5B60EA4C661}"
EndProject
Project("{FAE04EC0-301F-11D3-BF4B-00C04F79EFBC}") = "Narvalo.PowerShell", "src\Narvalo.PowerShell\Narvalo.PowerShell.csproj", "{4A73807D-3ECA-438A-9108-5A99E193BFBE}"
EndProject
Project("{2150E333-8FDC-42A3-9474-1A3956D46DE8}") = "0. Documentation", "0. Documentation", "{A8122F9A-9B8D-4888-8A0C-0185F7FDEEF3}"
	ProjectSection(SolutionItems) = preProject
		Changelog.md = Changelog.md
		etc\gendarme.ignore = etc\gendarme.ignore
		docs\Guidelines.md = docs\Guidelines.md
		Issues.md = Issues.md
		docs\Tips.md = docs\Tips.md
	EndProjectSection
EndProject
Global
	GlobalSection(SolutionConfigurationPlatforms) = preSolution
		CodeContracts|Any CPU = CodeContracts|Any CPU
		Debug|Any CPU = Debug|Any CPU
		Release|Any CPU = Release|Any CPU
	EndGlobalSection
	GlobalSection(ProjectConfigurationPlatforms) = postSolution
		{7B564B3C-CCCC-43CA-94B6-D375AA40F085}.CodeContracts|Any CPU.ActiveCfg = CodeContracts|Any CPU
		{7B564B3C-CCCC-43CA-94B6-D375AA40F085}.CodeContracts|Any CPU.Build.0 = CodeContracts|Any CPU
		{7B564B3C-CCCC-43CA-94B6-D375AA40F085}.Debug|Any CPU.ActiveCfg = Debug|Any CPU
		{7B564B3C-CCCC-43CA-94B6-D375AA40F085}.Debug|Any CPU.Build.0 = Debug|Any CPU
		{7B564B3C-CCCC-43CA-94B6-D375AA40F085}.Release|Any CPU.ActiveCfg = Release|Any CPU
		{7B564B3C-CCCC-43CA-94B6-D375AA40F085}.Release|Any CPU.Build.0 = Release|Any CPU
		{56E3969F-5066-4702-A670-4C35FBD97201}.CodeContracts|Any CPU.ActiveCfg = CodeContracts|Any CPU
		{56E3969F-5066-4702-A670-4C35FBD97201}.CodeContracts|Any CPU.Build.0 = CodeContracts|Any CPU
		{56E3969F-5066-4702-A670-4C35FBD97201}.Debug|Any CPU.ActiveCfg = Debug|Any CPU
		{56E3969F-5066-4702-A670-4C35FBD97201}.Debug|Any CPU.Build.0 = Debug|Any CPU
		{56E3969F-5066-4702-A670-4C35FBD97201}.Release|Any CPU.ActiveCfg = Release|Any CPU
		{56E3969F-5066-4702-A670-4C35FBD97201}.Release|Any CPU.Build.0 = Release|Any CPU
		{00388395-FC0D-4356-A1C8-9A9555B09943}.CodeContracts|Any CPU.ActiveCfg = CodeContracts|Any CPU
		{00388395-FC0D-4356-A1C8-9A9555B09943}.CodeContracts|Any CPU.Build.0 = CodeContracts|Any CPU
		{00388395-FC0D-4356-A1C8-9A9555B09943}.Debug|Any CPU.ActiveCfg = Debug|Any CPU
		{00388395-FC0D-4356-A1C8-9A9555B09943}.Debug|Any CPU.Build.0 = Debug|Any CPU
		{00388395-FC0D-4356-A1C8-9A9555B09943}.Release|Any CPU.ActiveCfg = Release|Any CPU
		{00388395-FC0D-4356-A1C8-9A9555B09943}.Release|Any CPU.Build.0 = Release|Any CPU
		{A6E851F2-C725-4461-9A8D-47DADB563923}.CodeContracts|Any CPU.ActiveCfg = CodeContracts|Any CPU
		{A6E851F2-C725-4461-9A8D-47DADB563923}.Debug|Any CPU.ActiveCfg = Debug|Any CPU
		{A6E851F2-C725-4461-9A8D-47DADB563923}.Debug|Any CPU.Build.0 = Debug|Any CPU
		{A6E851F2-C725-4461-9A8D-47DADB563923}.Release|Any CPU.ActiveCfg = Release|Any CPU
		{A6E851F2-C725-4461-9A8D-47DADB563923}.Release|Any CPU.Build.0 = Release|Any CPU
		{809C0DA5-9A01-4ADA-83A5-1A0494723594}.CodeContracts|Any CPU.ActiveCfg = CodeContracts|Any CPU
		{809C0DA5-9A01-4ADA-83A5-1A0494723594}.CodeContracts|Any CPU.Build.0 = CodeContracts|Any CPU
		{809C0DA5-9A01-4ADA-83A5-1A0494723594}.Debug|Any CPU.ActiveCfg = Debug|Any CPU
		{809C0DA5-9A01-4ADA-83A5-1A0494723594}.Debug|Any CPU.Build.0 = Debug|Any CPU
		{809C0DA5-9A01-4ADA-83A5-1A0494723594}.Release|Any CPU.ActiveCfg = Release|Any CPU
		{809C0DA5-9A01-4ADA-83A5-1A0494723594}.Release|Any CPU.Build.0 = Release|Any CPU
		{4F37224C-58CC-4C55-80E6-14FD54A57EBE}.CodeContracts|Any CPU.ActiveCfg = Release|Any CPU
		{4F37224C-58CC-4C55-80E6-14FD54A57EBE}.CodeContracts|Any CPU.Build.0 = Release|Any CPU
		{4F37224C-58CC-4C55-80E6-14FD54A57EBE}.Debug|Any CPU.ActiveCfg = Debug|Any CPU
		{4F37224C-58CC-4C55-80E6-14FD54A57EBE}.Debug|Any CPU.Build.0 = Debug|Any CPU
		{4F37224C-58CC-4C55-80E6-14FD54A57EBE}.Release|Any CPU.ActiveCfg = Release|Any CPU
		{4F37224C-58CC-4C55-80E6-14FD54A57EBE}.Release|Any CPU.Build.0 = Release|Any CPU
		{AE69E1DD-A499-48E9-8BAA-B279E07F7DC7}.CodeContracts|Any CPU.ActiveCfg = CodeContracts|Any CPU
		{AE69E1DD-A499-48E9-8BAA-B279E07F7DC7}.CodeContracts|Any CPU.Build.0 = CodeContracts|Any CPU
		{AE69E1DD-A499-48E9-8BAA-B279E07F7DC7}.Debug|Any CPU.ActiveCfg = Debug|Any CPU
		{AE69E1DD-A499-48E9-8BAA-B279E07F7DC7}.Debug|Any CPU.Build.0 = Debug|Any CPU
		{AE69E1DD-A499-48E9-8BAA-B279E07F7DC7}.Release|Any CPU.ActiveCfg = Release|Any CPU
		{AE69E1DD-A499-48E9-8BAA-B279E07F7DC7}.Release|Any CPU.Build.0 = Release|Any CPU
		{6FEBE148-83FF-4378-A4A6-887A1E8A7E51}.CodeContracts|Any CPU.ActiveCfg = CodeContracts|Any CPU
		{6FEBE148-83FF-4378-A4A6-887A1E8A7E51}.CodeContracts|Any CPU.Build.0 = CodeContracts|Any CPU
		{6FEBE148-83FF-4378-A4A6-887A1E8A7E51}.Debug|Any CPU.ActiveCfg = Debug|Any CPU
		{6FEBE148-83FF-4378-A4A6-887A1E8A7E51}.Debug|Any CPU.Build.0 = Debug|Any CPU
		{6FEBE148-83FF-4378-A4A6-887A1E8A7E51}.Release|Any CPU.ActiveCfg = Release|Any CPU
		{6FEBE148-83FF-4378-A4A6-887A1E8A7E51}.Release|Any CPU.Build.0 = Release|Any CPU
		{B5A714CA-D2A2-4AB7-9C70-A5B60EA4C661}.CodeContracts|Any CPU.ActiveCfg = CodeContracts|Any CPU
		{B5A714CA-D2A2-4AB7-9C70-A5B60EA4C661}.CodeContracts|Any CPU.Build.0 = CodeContracts|Any CPU
		{B5A714CA-D2A2-4AB7-9C70-A5B60EA4C661}.Debug|Any CPU.ActiveCfg = Debug|Any CPU
		{B5A714CA-D2A2-4AB7-9C70-A5B60EA4C661}.Debug|Any CPU.Build.0 = Debug|Any CPU
		{B5A714CA-D2A2-4AB7-9C70-A5B60EA4C661}.Release|Any CPU.ActiveCfg = Release|Any CPU
		{B5A714CA-D2A2-4AB7-9C70-A5B60EA4C661}.Release|Any CPU.Build.0 = Release|Any CPU
		{4A73807D-3ECA-438A-9108-5A99E193BFBE}.CodeContracts|Any CPU.ActiveCfg = CodeContracts|Any CPU
		{4A73807D-3ECA-438A-9108-5A99E193BFBE}.CodeContracts|Any CPU.Build.0 = CodeContracts|Any CPU
		{4A73807D-3ECA-438A-9108-5A99E193BFBE}.Debug|Any CPU.ActiveCfg = Debug|Any CPU
		{4A73807D-3ECA-438A-9108-5A99E193BFBE}.Debug|Any CPU.Build.0 = Debug|Any CPU
		{4A73807D-3ECA-438A-9108-5A99E193BFBE}.Release|Any CPU.ActiveCfg = Release|Any CPU
		{4A73807D-3ECA-438A-9108-5A99E193BFBE}.Release|Any CPU.Build.0 = Release|Any CPU
	EndGlobalSection
	GlobalSection(SolutionProperties) = preSolution
		HideSolutionNode = FALSE
	EndGlobalSection
	GlobalSection(NestedProjects) = preSolution
		{7B564B3C-CCCC-43CA-94B6-D375AA40F085} = {E532D0F7-CFBB-4D52-BEA3-D67DA931AC86}
		{56E3969F-5066-4702-A670-4C35FBD97201} = {E532D0F7-CFBB-4D52-BEA3-D67DA931AC86}
		{00388395-FC0D-4356-A1C8-9A9555B09943} = {E532D0F7-CFBB-4D52-BEA3-D67DA931AC86}
		{A6E851F2-C725-4461-9A8D-47DADB563923} = {7C09B3E7-756C-4ED3-A1F1-A789BA6AE3CA}
		{809C0DA5-9A01-4ADA-83A5-1A0494723594} = {E532D0F7-CFBB-4D52-BEA3-D67DA931AC86}
		{4F37224C-58CC-4C55-80E6-14FD54A57EBE} = {7C09B3E7-756C-4ED3-A1F1-A789BA6AE3CA}
		{AE69E1DD-A499-48E9-8BAA-B279E07F7DC7} = {9C0D3D2C-E3FE-4E83-9C89-144A10CE3402}
		{6FEBE148-83FF-4378-A4A6-887A1E8A7E51} = {9C0D3D2C-E3FE-4E83-9C89-144A10CE3402}
		{B5A714CA-D2A2-4AB7-9C70-A5B60EA4C661} = {E532D0F7-CFBB-4D52-BEA3-D67DA931AC86}
		{4A73807D-3ECA-438A-9108-5A99E193BFBE} = {9C0D3D2C-E3FE-4E83-9C89-144A10CE3402}
	EndGlobalSection
EndGlobal
