
Microsoft Visual Studio Solution File, Format Version 12.00
# Visual Studio 14
VisualStudioVersion = 14.0.25420.1
MinimumVisualStudioVersion = 10.0.40219.1
Project("{FAE04EC0-301F-11D3-BF4B-00C04F79EFBC}") = "Narvalo.Web", "src\Narvalo.Web\Narvalo.Web.csproj", "{56E3969F-5066-4702-A670-4C35FBD97201}"
EndProject
Project("{2150E333-8FDC-42A3-9474-1A3956D46DE8}") = ".nuget", ".nuget", "{D552D1B5-0EE5-4BC9-AFCB-7A7128811DAB}"
	ProjectSection(SolutionItems) = preProject
		.nuget\NuGet.Config = .nuget\NuGet.Config
		.nuget\packages.config = .nuget\packages.config
	EndProjectSection
EndProject
Project("{2150E333-8FDC-42A3-9474-1A3956D46DE8}") = "1. Libraries", "1. Libraries", "{E532D0F7-CFBB-4D52-BEA3-D67DA931AC86}"
EndProject
Project("{2150E333-8FDC-42A3-9474-1A3956D46DE8}") = "3. Tests", "3. Tests", "{7C09B3E7-756C-4ED3-A1F1-A789BA6AE3CA}"
EndProject
Project("{2150E333-8FDC-42A3-9474-1A3956D46DE8}") = "4. Tools", "4. Tools", "{9C0D3D2C-E3FE-4E83-9C89-144A10CE3402}"
EndProject
Project("{FAE04EC0-301F-11D3-BF4B-00C04F79EFBC}") = "Narvalo.Build", "src\Narvalo.Build\Narvalo.Build.csproj", "{AE69E1DD-A499-48E9-8BAA-B279E07F7DC7}"
EndProject
Project("{FAE04EC0-301F-11D3-BF4B-00C04F79EFBC}") = "Narvalo.Ghostscript", "src\Narvalo.Ghostscript\Narvalo.Ghostscript.csproj", "{B5A714CA-D2A2-4AB7-9C70-A5B60EA4C661}"
EndProject
Project("{FAE04EC0-301F-11D3-BF4B-00C04F79EFBC}") = "Narvalo.Fx", "src\Narvalo.Fx\Narvalo.Fx.csproj", "{28F6175D-0EE3-4763-8004-662A7DE41280}"
EndProject
Project("{FAE04EC0-301F-11D3-BF4B-00C04F79EFBC}") = "Narvalo.Finance", "src\Narvalo.Finance\Narvalo.Finance.csproj", "{38055176-243B-4090-8148-EFB8FE18FF23}"
EndProject
Project("{FAE04EC0-301F-11D3-BF4B-00C04F79EFBC}") = "Narvalo.Mvp", "src\Narvalo.Mvp\Narvalo.Mvp.csproj", "{2944D621-7F6E-4792-94AD-0021C6B73981}"
EndProject
Project("{FAE04EC0-301F-11D3-BF4B-00C04F79EFBC}") = "Narvalo.Mvp.Web", "src\Narvalo.Mvp.Web\Narvalo.Mvp.Web.csproj", "{F4E7C519-8C51-4F2F-A50E-1A478399C93C}"
EndProject
Project("{FAE04EC0-301F-11D3-BF4B-00C04F79EFBC}") = "Narvalo.Mvp.Windows.Forms", "src\Narvalo.Mvp.Windows.Forms\Narvalo.Mvp.Windows.Forms.csproj", "{4C908C48-2BD9-4E23-BCBE-ED3604E0D387}"
EndProject
Project("{2150E333-8FDC-42A3-9474-1A3956D46DE8}") = "5. Samples", "5. Samples", "{29168039-97C3-40CC-A307-1094F35BB41B}"
EndProject
Project("{FAE04EC0-301F-11D3-BF4B-00C04F79EFBC}") = "MvpCommandLine", "samples\MvpCommandLine\MvpCommandLine.csproj", "{22F5819B-94C5-47B5-A83D-2F807BAC8130}"
EndProject
Project("{FAE04EC0-301F-11D3-BF4B-00C04F79EFBC}") = "MvpWindowsForms", "samples\MvpWindowsForms\MvpWindowsForms.csproj", "{DCF06FC7-3FB6-49E8-96C9-7AB2E88FF053}"
EndProject
Project("{FAE04EC0-301F-11D3-BF4B-00C04F79EFBC}") = "MvpWebForms", "samples\MvpWebForms\MvpWebForms.csproj", "{779357E7-F156-425C-8EB8-FB45ACDFF9DE}"
EndProject
Project("{FAE04EC0-301F-11D3-BF4B-00C04F79EFBC}") = "Narvalo.Cerbere", "src\Narvalo.Cerbere\Narvalo.Cerbere.csproj", "{00388395-FC0D-4356-A1C8-9A9555B09943}"
EndProject
Project("{2150E333-8FDC-42A3-9474-1A3956D46DE8}") = "2. Futures", "2. Futures", "{39788FB1-4F85-405F-BBEB-17E5501BC7B0}"
EndProject
Project("{FAE04EC0-301F-11D3-BF4B-00C04F79EFBC}") = "Narvalo.Common", "src\Narvalo.Common\Narvalo.Common.csproj", "{85E2C826-BF5C-4CDD-A90A-56D3D7F9CE25}"
EndProject
Project("{FAE04EC0-301F-11D3-BF4B-00C04F79EFBC}") = "Narvalo.Core", "src\Narvalo.Core\Narvalo.Core.csproj", "{66B62BA5-E26E-4899-85AC-4C52D3A427E9}"
EndProject
Project("{FAE04EC0-301F-11D3-BF4B-00C04F79EFBC}") = "Narvalo.T4", "src\Narvalo.T4\Narvalo.T4.csproj", "{0EC7B143-8C03-4127-A686-84433A17E5B4}"
EndProject
Project("{D954291E-2A0B-460D-934E-DC6B0785DB48}") = "Narvalo.TestCommon", "tests\Narvalo.TestCommon\Narvalo.TestCommon.shproj", "{C141265F-95ED-4093-A56C-5991DBA96F67}"
EndProject
Project("{FAE04EC0-301F-11D3-BF4B-00C04F79EFBC}") = "Narvalo.Reliability", "src\Narvalo.Reliability\Narvalo.Reliability.csproj", "{191574A7-86E0-411C-BD7B-50F703664522}"
EndProject
Project("{FAE04EC0-301F-11D3-BF4B-00C04F79EFBC}") = "Narvalo.Mvp.Facts", "tests\Narvalo.Mvp.Facts\Narvalo.Mvp.Facts.csproj", "{E94F4D98-3882-4713-90FD-27C515B68BB0}"
EndProject
Project("{FAE04EC0-301F-11D3-BF4B-00C04F79EFBC}") = "Narvalo.Reliability.Facts", "tests\Narvalo.Reliability.Facts\Narvalo.Reliability.Facts.csproj", "{85346649-7DD6-4235-88E5-45DE7CFE2867}"
EndProject
Project("{FAE04EC0-301F-11D3-BF4B-00C04F79EFBC}") = "Narvalo.Facts", "tests\Narvalo.Facts\Narvalo.Facts.csproj", "{D05B40A6-15B6-46D0-ABC1-8F8CFC5D02E8}"
EndProject
Global
	GlobalSection(SharedMSBuildProjectFiles) = preSolution
		tests\Narvalo.TestCommon\Narvalo.TestCommon.projitems*{85346649-7dd6-4235-88e5-45de7cfe2867}*SharedItemsImports = 4
		tests\Narvalo.TestCommon\Narvalo.TestCommon.projitems*{c141265f-95ed-4093-a56c-5991dba96f67}*SharedItemsImports = 13
		tests\Narvalo.TestCommon\Narvalo.TestCommon.projitems*{d05b40a6-15b6-46d0-abc1-8f8cfc5d02e8}*SharedItemsImports = 4
		tests\Narvalo.TestCommon\Narvalo.TestCommon.projitems*{e94f4d98-3882-4713-90fd-27c515b68bb0}*SharedItemsImports = 4
	EndGlobalSection
	GlobalSection(SolutionConfigurationPlatforms) = preSolution
		CodeContracts|Any CPU = CodeContracts|Any CPU
		Debug|Any CPU = Debug|Any CPU
		Release|Any CPU = Release|Any CPU
	EndGlobalSection
	GlobalSection(ProjectConfigurationPlatforms) = postSolution
		{56E3969F-5066-4702-A670-4C35FBD97201}.CodeContracts|Any CPU.ActiveCfg = CodeContracts|Any CPU
		{56E3969F-5066-4702-A670-4C35FBD97201}.CodeContracts|Any CPU.Build.0 = CodeContracts|Any CPU
		{56E3969F-5066-4702-A670-4C35FBD97201}.Debug|Any CPU.ActiveCfg = Debug|Any CPU
		{56E3969F-5066-4702-A670-4C35FBD97201}.Debug|Any CPU.Build.0 = Debug|Any CPU
		{56E3969F-5066-4702-A670-4C35FBD97201}.Release|Any CPU.ActiveCfg = Release|Any CPU
		{56E3969F-5066-4702-A670-4C35FBD97201}.Release|Any CPU.Build.0 = Release|Any CPU
		{AE69E1DD-A499-48E9-8BAA-B279E07F7DC7}.CodeContracts|Any CPU.ActiveCfg = CodeContracts|Any CPU
		{AE69E1DD-A499-48E9-8BAA-B279E07F7DC7}.Debug|Any CPU.ActiveCfg = Debug|Any CPU
		{AE69E1DD-A499-48E9-8BAA-B279E07F7DC7}.Debug|Any CPU.Build.0 = Debug|Any CPU
		{AE69E1DD-A499-48E9-8BAA-B279E07F7DC7}.Release|Any CPU.ActiveCfg = Release|Any CPU
		{AE69E1DD-A499-48E9-8BAA-B279E07F7DC7}.Release|Any CPU.Build.0 = Release|Any CPU
		{B5A714CA-D2A2-4AB7-9C70-A5B60EA4C661}.CodeContracts|Any CPU.ActiveCfg = CodeContracts|Any CPU
		{B5A714CA-D2A2-4AB7-9C70-A5B60EA4C661}.Debug|Any CPU.ActiveCfg = Debug|Any CPU
		{B5A714CA-D2A2-4AB7-9C70-A5B60EA4C661}.Debug|Any CPU.Build.0 = Debug|Any CPU
		{B5A714CA-D2A2-4AB7-9C70-A5B60EA4C661}.Release|Any CPU.ActiveCfg = Release|Any CPU
		{B5A714CA-D2A2-4AB7-9C70-A5B60EA4C661}.Release|Any CPU.Build.0 = Release|Any CPU
		{28F6175D-0EE3-4763-8004-662A7DE41280}.CodeContracts|Any CPU.ActiveCfg = CodeContracts|Any CPU
		{28F6175D-0EE3-4763-8004-662A7DE41280}.CodeContracts|Any CPU.Build.0 = CodeContracts|Any CPU
		{28F6175D-0EE3-4763-8004-662A7DE41280}.Debug|Any CPU.ActiveCfg = Debug|Any CPU
		{28F6175D-0EE3-4763-8004-662A7DE41280}.Debug|Any CPU.Build.0 = Debug|Any CPU
		{28F6175D-0EE3-4763-8004-662A7DE41280}.Release|Any CPU.ActiveCfg = Release|Any CPU
		{28F6175D-0EE3-4763-8004-662A7DE41280}.Release|Any CPU.Build.0 = Release|Any CPU
		{38055176-243B-4090-8148-EFB8FE18FF23}.CodeContracts|Any CPU.ActiveCfg = CodeContracts|Any CPU
		{38055176-243B-4090-8148-EFB8FE18FF23}.CodeContracts|Any CPU.Build.0 = CodeContracts|Any CPU
		{38055176-243B-4090-8148-EFB8FE18FF23}.Debug|Any CPU.ActiveCfg = Debug|Any CPU
		{38055176-243B-4090-8148-EFB8FE18FF23}.Debug|Any CPU.Build.0 = Debug|Any CPU
		{38055176-243B-4090-8148-EFB8FE18FF23}.Release|Any CPU.ActiveCfg = Release|Any CPU
		{38055176-243B-4090-8148-EFB8FE18FF23}.Release|Any CPU.Build.0 = Release|Any CPU
		{2944D621-7F6E-4792-94AD-0021C6B73981}.CodeContracts|Any CPU.ActiveCfg = CodeContracts|Any CPU
		{2944D621-7F6E-4792-94AD-0021C6B73981}.Debug|Any CPU.ActiveCfg = Debug|Any CPU
		{2944D621-7F6E-4792-94AD-0021C6B73981}.Debug|Any CPU.Build.0 = Debug|Any CPU
		{2944D621-7F6E-4792-94AD-0021C6B73981}.Release|Any CPU.ActiveCfg = Release|Any CPU
		{2944D621-7F6E-4792-94AD-0021C6B73981}.Release|Any CPU.Build.0 = Release|Any CPU
		{F4E7C519-8C51-4F2F-A50E-1A478399C93C}.CodeContracts|Any CPU.ActiveCfg = CodeContracts|Any CPU
		{F4E7C519-8C51-4F2F-A50E-1A478399C93C}.Debug|Any CPU.ActiveCfg = Debug|Any CPU
		{F4E7C519-8C51-4F2F-A50E-1A478399C93C}.Debug|Any CPU.Build.0 = Debug|Any CPU
		{F4E7C519-8C51-4F2F-A50E-1A478399C93C}.Release|Any CPU.ActiveCfg = Release|Any CPU
		{F4E7C519-8C51-4F2F-A50E-1A478399C93C}.Release|Any CPU.Build.0 = Release|Any CPU
		{4C908C48-2BD9-4E23-BCBE-ED3604E0D387}.CodeContracts|Any CPU.ActiveCfg = CodeContracts|Any CPU
		{4C908C48-2BD9-4E23-BCBE-ED3604E0D387}.Debug|Any CPU.ActiveCfg = Debug|Any CPU
		{4C908C48-2BD9-4E23-BCBE-ED3604E0D387}.Debug|Any CPU.Build.0 = Debug|Any CPU
		{4C908C48-2BD9-4E23-BCBE-ED3604E0D387}.Release|Any CPU.ActiveCfg = Release|Any CPU
		{4C908C48-2BD9-4E23-BCBE-ED3604E0D387}.Release|Any CPU.Build.0 = Release|Any CPU
		{22F5819B-94C5-47B5-A83D-2F807BAC8130}.CodeContracts|Any CPU.ActiveCfg = CodeContracts|Any CPU
		{22F5819B-94C5-47B5-A83D-2F807BAC8130}.Debug|Any CPU.ActiveCfg = Debug|Any CPU
		{22F5819B-94C5-47B5-A83D-2F807BAC8130}.Debug|Any CPU.Build.0 = Debug|Any CPU
		{22F5819B-94C5-47B5-A83D-2F807BAC8130}.Release|Any CPU.ActiveCfg = Release|Any CPU
		{22F5819B-94C5-47B5-A83D-2F807BAC8130}.Release|Any CPU.Build.0 = Release|Any CPU
		{DCF06FC7-3FB6-49E8-96C9-7AB2E88FF053}.CodeContracts|Any CPU.ActiveCfg = CodeContracts|Any CPU
		{DCF06FC7-3FB6-49E8-96C9-7AB2E88FF053}.Debug|Any CPU.ActiveCfg = Debug|Any CPU
		{DCF06FC7-3FB6-49E8-96C9-7AB2E88FF053}.Debug|Any CPU.Build.0 = Debug|Any CPU
		{DCF06FC7-3FB6-49E8-96C9-7AB2E88FF053}.Release|Any CPU.ActiveCfg = Release|Any CPU
		{DCF06FC7-3FB6-49E8-96C9-7AB2E88FF053}.Release|Any CPU.Build.0 = Release|Any CPU
		{779357E7-F156-425C-8EB8-FB45ACDFF9DE}.CodeContracts|Any CPU.ActiveCfg = CodeContracts|Any CPU
		{779357E7-F156-425C-8EB8-FB45ACDFF9DE}.Debug|Any CPU.ActiveCfg = Debug|Any CPU
		{779357E7-F156-425C-8EB8-FB45ACDFF9DE}.Debug|Any CPU.Build.0 = Debug|Any CPU
		{779357E7-F156-425C-8EB8-FB45ACDFF9DE}.Release|Any CPU.ActiveCfg = Release|Any CPU
		{779357E7-F156-425C-8EB8-FB45ACDFF9DE}.Release|Any CPU.Build.0 = Release|Any CPU
		{00388395-FC0D-4356-A1C8-9A9555B09943}.CodeContracts|Any CPU.ActiveCfg = CodeContracts|Any CPU
		{00388395-FC0D-4356-A1C8-9A9555B09943}.CodeContracts|Any CPU.Build.0 = CodeContracts|Any CPU
		{00388395-FC0D-4356-A1C8-9A9555B09943}.Debug|Any CPU.ActiveCfg = Debug|Any CPU
		{00388395-FC0D-4356-A1C8-9A9555B09943}.Debug|Any CPU.Build.0 = Debug|Any CPU
		{00388395-FC0D-4356-A1C8-9A9555B09943}.Release|Any CPU.ActiveCfg = Release|Any CPU
		{00388395-FC0D-4356-A1C8-9A9555B09943}.Release|Any CPU.Build.0 = Release|Any CPU
		{85E2C826-BF5C-4CDD-A90A-56D3D7F9CE25}.CodeContracts|Any CPU.ActiveCfg = CodeContracts|Any CPU
		{85E2C826-BF5C-4CDD-A90A-56D3D7F9CE25}.CodeContracts|Any CPU.Build.0 = CodeContracts|Any CPU
		{85E2C826-BF5C-4CDD-A90A-56D3D7F9CE25}.Debug|Any CPU.ActiveCfg = Debug|Any CPU
		{85E2C826-BF5C-4CDD-A90A-56D3D7F9CE25}.Debug|Any CPU.Build.0 = Debug|Any CPU
		{85E2C826-BF5C-4CDD-A90A-56D3D7F9CE25}.Release|Any CPU.ActiveCfg = Release|Any CPU
		{85E2C826-BF5C-4CDD-A90A-56D3D7F9CE25}.Release|Any CPU.Build.0 = Release|Any CPU
		{66B62BA5-E26E-4899-85AC-4C52D3A427E9}.CodeContracts|Any CPU.ActiveCfg = CodeContracts|Any CPU
		{66B62BA5-E26E-4899-85AC-4C52D3A427E9}.CodeContracts|Any CPU.Build.0 = CodeContracts|Any CPU
		{66B62BA5-E26E-4899-85AC-4C52D3A427E9}.Debug|Any CPU.ActiveCfg = Debug|Any CPU
		{66B62BA5-E26E-4899-85AC-4C52D3A427E9}.Debug|Any CPU.Build.0 = Debug|Any CPU
		{66B62BA5-E26E-4899-85AC-4C52D3A427E9}.Release|Any CPU.ActiveCfg = Release|Any CPU
		{66B62BA5-E26E-4899-85AC-4C52D3A427E9}.Release|Any CPU.Build.0 = Release|Any CPU
		{0EC7B143-8C03-4127-A686-84433A17E5B4}.CodeContracts|Any CPU.ActiveCfg = CodeContracts|Any CPU
		{0EC7B143-8C03-4127-A686-84433A17E5B4}.Debug|Any CPU.ActiveCfg = Release|Any CPU
		{0EC7B143-8C03-4127-A686-84433A17E5B4}.Debug|Any CPU.Build.0 = Release|Any CPU
		{0EC7B143-8C03-4127-A686-84433A17E5B4}.Release|Any CPU.ActiveCfg = Release|Any CPU
		{0EC7B143-8C03-4127-A686-84433A17E5B4}.Release|Any CPU.Build.0 = Release|Any CPU
		{191574A7-86E0-411C-BD7B-50F703664522}.CodeContracts|Any CPU.ActiveCfg = CodeContracts|Any CPU
		{191574A7-86E0-411C-BD7B-50F703664522}.Debug|Any CPU.ActiveCfg = Debug|Any CPU
		{191574A7-86E0-411C-BD7B-50F703664522}.Debug|Any CPU.Build.0 = Debug|Any CPU
		{191574A7-86E0-411C-BD7B-50F703664522}.Release|Any CPU.ActiveCfg = Release|Any CPU
		{191574A7-86E0-411C-BD7B-50F703664522}.Release|Any CPU.Build.0 = Release|Any CPU
		{E94F4D98-3882-4713-90FD-27C515B68BB0}.CodeContracts|Any CPU.ActiveCfg = Release|Any CPU
		{E94F4D98-3882-4713-90FD-27C515B68BB0}.CodeContracts|Any CPU.Build.0 = Release|Any CPU
		{E94F4D98-3882-4713-90FD-27C515B68BB0}.Debug|Any CPU.ActiveCfg = Debug|Any CPU
		{E94F4D98-3882-4713-90FD-27C515B68BB0}.Debug|Any CPU.Build.0 = Debug|Any CPU
		{E94F4D98-3882-4713-90FD-27C515B68BB0}.Release|Any CPU.ActiveCfg = Release|Any CPU
		{E94F4D98-3882-4713-90FD-27C515B68BB0}.Release|Any CPU.Build.0 = Release|Any CPU
		{85346649-7DD6-4235-88E5-45DE7CFE2867}.CodeContracts|Any CPU.ActiveCfg = Release|Any CPU
		{85346649-7DD6-4235-88E5-45DE7CFE2867}.CodeContracts|Any CPU.Build.0 = Release|Any CPU
		{85346649-7DD6-4235-88E5-45DE7CFE2867}.Debug|Any CPU.ActiveCfg = Debug|Any CPU
		{85346649-7DD6-4235-88E5-45DE7CFE2867}.Debug|Any CPU.Build.0 = Debug|Any CPU
		{85346649-7DD6-4235-88E5-45DE7CFE2867}.Release|Any CPU.ActiveCfg = Release|Any CPU
		{85346649-7DD6-4235-88E5-45DE7CFE2867}.Release|Any CPU.Build.0 = Release|Any CPU
		{D05B40A6-15B6-46D0-ABC1-8F8CFC5D02E8}.CodeContracts|Any CPU.ActiveCfg = Release|Any CPU
		{D05B40A6-15B6-46D0-ABC1-8F8CFC5D02E8}.CodeContracts|Any CPU.Build.0 = Release|Any CPU
		{D05B40A6-15B6-46D0-ABC1-8F8CFC5D02E8}.Debug|Any CPU.ActiveCfg = Debug|Any CPU
		{D05B40A6-15B6-46D0-ABC1-8F8CFC5D02E8}.Debug|Any CPU.Build.0 = Debug|Any CPU
		{D05B40A6-15B6-46D0-ABC1-8F8CFC5D02E8}.Release|Any CPU.ActiveCfg = Release|Any CPU
		{D05B40A6-15B6-46D0-ABC1-8F8CFC5D02E8}.Release|Any CPU.Build.0 = Release|Any CPU
	EndGlobalSection
	GlobalSection(SolutionProperties) = preSolution
		HideSolutionNode = FALSE
	EndGlobalSection
	GlobalSection(NestedProjects) = preSolution
		{56E3969F-5066-4702-A670-4C35FBD97201} = {E532D0F7-CFBB-4D52-BEA3-D67DA931AC86}
		{AE69E1DD-A499-48E9-8BAA-B279E07F7DC7} = {9C0D3D2C-E3FE-4E83-9C89-144A10CE3402}
		{B5A714CA-D2A2-4AB7-9C70-A5B60EA4C661} = {39788FB1-4F85-405F-BBEB-17E5501BC7B0}
		{28F6175D-0EE3-4763-8004-662A7DE41280} = {E532D0F7-CFBB-4D52-BEA3-D67DA931AC86}
		{38055176-243B-4090-8148-EFB8FE18FF23} = {E532D0F7-CFBB-4D52-BEA3-D67DA931AC86}
		{2944D621-7F6E-4792-94AD-0021C6B73981} = {E532D0F7-CFBB-4D52-BEA3-D67DA931AC86}
		{F4E7C519-8C51-4F2F-A50E-1A478399C93C} = {E532D0F7-CFBB-4D52-BEA3-D67DA931AC86}
		{4C908C48-2BD9-4E23-BCBE-ED3604E0D387} = {39788FB1-4F85-405F-BBEB-17E5501BC7B0}
		{22F5819B-94C5-47B5-A83D-2F807BAC8130} = {29168039-97C3-40CC-A307-1094F35BB41B}
		{DCF06FC7-3FB6-49E8-96C9-7AB2E88FF053} = {29168039-97C3-40CC-A307-1094F35BB41B}
		{779357E7-F156-425C-8EB8-FB45ACDFF9DE} = {29168039-97C3-40CC-A307-1094F35BB41B}
		{00388395-FC0D-4356-A1C8-9A9555B09943} = {E532D0F7-CFBB-4D52-BEA3-D67DA931AC86}
		{85E2C826-BF5C-4CDD-A90A-56D3D7F9CE25} = {E532D0F7-CFBB-4D52-BEA3-D67DA931AC86}
		{66B62BA5-E26E-4899-85AC-4C52D3A427E9} = {E532D0F7-CFBB-4D52-BEA3-D67DA931AC86}
		{0EC7B143-8C03-4127-A686-84433A17E5B4} = {9C0D3D2C-E3FE-4E83-9C89-144A10CE3402}
		{C141265F-95ED-4093-A56C-5991DBA96F67} = {7C09B3E7-756C-4ED3-A1F1-A789BA6AE3CA}
		{191574A7-86E0-411C-BD7B-50F703664522} = {39788FB1-4F85-405F-BBEB-17E5501BC7B0}
		{E94F4D98-3882-4713-90FD-27C515B68BB0} = {7C09B3E7-756C-4ED3-A1F1-A789BA6AE3CA}
		{85346649-7DD6-4235-88E5-45DE7CFE2867} = {7C09B3E7-756C-4ED3-A1F1-A789BA6AE3CA}
		{D05B40A6-15B6-46D0-ABC1-8F8CFC5D02E8} = {7C09B3E7-756C-4ED3-A1F1-A789BA6AE3CA}
	EndGlobalSection
EndGlobal
