
Microsoft Visual Studio Solution File, Format Version 12.00
# Visual Studio 14
VisualStudioVersion = 14.0.25420.1
MinimumVisualStudioVersion = 10.0.40219.1
Project("{FAE04EC0-301F-11D3-BF4B-00C04F79EFBC}") = "Narvalo.Cerbere", "src\Narvalo.Cerbere\Narvalo.Cerbere.csproj", "{00388395-FC0D-4356-A1C8-9A9555B09943}"
EndProject
Project("{D954291E-2A0B-460D-934E-DC6B0785DB48}") = "TestCommon", "tests\TestCommon\TestCommon.shproj", "{C141265F-95ED-4093-A56C-5991DBA96F67}"
EndProject
Project("{FAE04EC0-301F-11D3-BF4B-00C04F79EFBC}") = "Narvalo.Cerbere.Facts", "tests\Narvalo.Cerbere.Facts\Narvalo.Cerbere.Facts.csproj", "{1F222A47-26E5-462A-AB89-F031060D224A}"
EndProject
Project("{D954291E-2A0B-460D-934E-DC6B0785DB48}") = "DebugCommon", "tests\DebugCommon\DebugCommon.shproj", "{C1CC85FF-5C06-404B-97A0-A2F422066420}"
EndProject
Project("{D954291E-2A0B-460D-934E-DC6B0785DB48}") = "Cerbere+Core", "tests\Cerbere+Core\Cerbere+Core.shproj", "{B886384D-58BE-475E-980C-5AFAD8E2EE3D}"
EndProject
Global
	GlobalSection(SharedMSBuildProjectFiles) = preSolution
		tests\Cerbere+Core\Cerbere+Core.projitems*{1f222a47-26e5-462a-ab89-f031060d224a}*SharedItemsImports = 4
		tests\DebugCommon\DebugCommon.projitems*{1f222a47-26e5-462a-ab89-f031060d224a}*SharedItemsImports = 4
		tests\TestCommon\Narvalo.TestCommon.projitems*{1f222a47-26e5-462a-ab89-f031060d224a}*SharedItemsImports = 4
		tests\Cerbere+Core\Cerbere+Core.projitems*{b886384d-58be-475e-980c-5afad8e2ee3d}*SharedItemsImports = 13
		tests\TestCommon\Narvalo.TestCommon.projitems*{c141265f-95ed-4093-a56c-5991dba96f67}*SharedItemsImports = 13
		tests\DebugCommon\DebugCommon.projitems*{c1cc85ff-5c06-404b-97a0-a2f422066420}*SharedItemsImports = 13
	EndGlobalSection
	GlobalSection(SolutionConfigurationPlatforms) = preSolution
		CodeContracts|Any CPU = CodeContracts|Any CPU
		Debug|Any CPU = Debug|Any CPU
		Release|Any CPU = Release|Any CPU
	EndGlobalSection
	GlobalSection(ProjectConfigurationPlatforms) = postSolution
		{00388395-FC0D-4356-A1C8-9A9555B09943}.CodeContracts|Any CPU.ActiveCfg = CodeContracts|Any CPU
		{00388395-FC0D-4356-A1C8-9A9555B09943}.CodeContracts|Any CPU.Build.0 = CodeContracts|Any CPU
		{00388395-FC0D-4356-A1C8-9A9555B09943}.Debug|Any CPU.ActiveCfg = Debug|Any CPU
		{00388395-FC0D-4356-A1C8-9A9555B09943}.Debug|Any CPU.Build.0 = Debug|Any CPU
		{00388395-FC0D-4356-A1C8-9A9555B09943}.Release|Any CPU.ActiveCfg = Release|Any CPU
		{00388395-FC0D-4356-A1C8-9A9555B09943}.Release|Any CPU.Build.0 = Release|Any CPU
		{1F222A47-26E5-462A-AB89-F031060D224A}.CodeContracts|Any CPU.ActiveCfg = Release|Any CPU
		{1F222A47-26E5-462A-AB89-F031060D224A}.CodeContracts|Any CPU.Build.0 = Release|Any CPU
		{1F222A47-26E5-462A-AB89-F031060D224A}.Debug|Any CPU.ActiveCfg = Debug|Any CPU
		{1F222A47-26E5-462A-AB89-F031060D224A}.Debug|Any CPU.Build.0 = Debug|Any CPU
		{1F222A47-26E5-462A-AB89-F031060D224A}.Release|Any CPU.ActiveCfg = Release|Any CPU
		{1F222A47-26E5-462A-AB89-F031060D224A}.Release|Any CPU.Build.0 = Release|Any CPU
	EndGlobalSection
	GlobalSection(SolutionProperties) = preSolution
		HideSolutionNode = FALSE
	EndGlobalSection
EndGlobal
