
Microsoft Visual Studio Solution File, Format Version 12.00
# Visual Studio Express 2013 for Web
VisualStudioVersion = 12.0.30723.0
MinimumVisualStudioVersion = 10.0.40219.1
Project("{2150E333-8FDC-42A3-9474-1A3956D46DE8}") = ".nuget", ".nuget", "{2183403F-6794-4547-BEDA-A9A555CBB726}"
	ProjectSection(SolutionItems) = preProject
		.nuget\NuGet.Config = .nuget\NuGet.Config
		.nuget\packages.config = .nuget\packages.config
	EndProjectSection
EndProject
Project("{FAE04EC0-301F-11D3-BF4B-00C04F79EFBC}") = "Narvalo.Mvp", "src\Narvalo.Mvp\Narvalo.Mvp.csproj", "{E7294A87-060C-4377-A0A7-48E92D591987}"
EndProject
Project("{FAE04EC0-301F-11D3-BF4B-00C04F79EFBC}") = "Playground.WebForms", "samples\Playground.WebForms\Playground.WebForms.csproj", "{779357E7-F156-425C-8EB8-FB45ACDFF9DE}"
EndProject
Project("{FAE04EC0-301F-11D3-BF4B-00C04F79EFBC}") = "Narvalo.Mvp.Web", "src\Narvalo.Mvp.Web\Narvalo.Mvp.Web.csproj", "{FDADB21A-C99F-4D78-BDCC-A09A6EF97215}"
EndProject
Project("{FAE04EC0-301F-11D3-BF4B-00C04F79EFBC}") = "Playground", "samples\Playground\Playground.csproj", "{2A0F777D-62B8-4509-836F-F6E2CB67E0D8}"
EndProject
Project("{FAE04EC0-301F-11D3-BF4B-00C04F79EFBC}") = "Playground.AspNetMvc", "samples\Playground.AspNetMvc\Playground.AspNetMvc.csproj", "{468972FF-C7C3-4DBA-A210-96BC6A677362}"
EndProject
Global
	GlobalSection(SolutionConfigurationPlatforms) = preSolution
		Debug|Any CPU = Debug|Any CPU
		Debug|Mixed Platforms = Debug|Mixed Platforms
		Debug|x64 = Debug|x64
		Debug|x86 = Debug|x86
		Release|Any CPU = Release|Any CPU
		Release|Mixed Platforms = Release|Mixed Platforms
		Release|x64 = Release|x64
		Release|x86 = Release|x86
	EndGlobalSection
	GlobalSection(ProjectConfigurationPlatforms) = postSolution
		{E7294A87-060C-4377-A0A7-48E92D591987}.Debug|Any CPU.ActiveCfg = Debug|Any CPU
		{E7294A87-060C-4377-A0A7-48E92D591987}.Debug|Any CPU.Build.0 = Debug|Any CPU
		{E7294A87-060C-4377-A0A7-48E92D591987}.Debug|Mixed Platforms.ActiveCfg = Debug|Any CPU
		{E7294A87-060C-4377-A0A7-48E92D591987}.Debug|Mixed Platforms.Build.0 = Debug|Any CPU
		{E7294A87-060C-4377-A0A7-48E92D591987}.Debug|x64.ActiveCfg = Debug|Any CPU
		{E7294A87-060C-4377-A0A7-48E92D591987}.Debug|x86.ActiveCfg = Debug|Any CPU
		{E7294A87-060C-4377-A0A7-48E92D591987}.Release|Any CPU.ActiveCfg = Release|Any CPU
		{E7294A87-060C-4377-A0A7-48E92D591987}.Release|Any CPU.Build.0 = Release|Any CPU
		{E7294A87-060C-4377-A0A7-48E92D591987}.Release|Mixed Platforms.ActiveCfg = Release|Any CPU
		{E7294A87-060C-4377-A0A7-48E92D591987}.Release|Mixed Platforms.Build.0 = Release|Any CPU
		{E7294A87-060C-4377-A0A7-48E92D591987}.Release|x64.ActiveCfg = Release|Any CPU
		{E7294A87-060C-4377-A0A7-48E92D591987}.Release|x86.ActiveCfg = Release|Any CPU
		{779357E7-F156-425C-8EB8-FB45ACDFF9DE}.Debug|Any CPU.ActiveCfg = Debug|Any CPU
		{779357E7-F156-425C-8EB8-FB45ACDFF9DE}.Debug|Any CPU.Build.0 = Debug|Any CPU
		{779357E7-F156-425C-8EB8-FB45ACDFF9DE}.Debug|Mixed Platforms.ActiveCfg = Debug|Any CPU
		{779357E7-F156-425C-8EB8-FB45ACDFF9DE}.Debug|Mixed Platforms.Build.0 = Debug|Any CPU
		{779357E7-F156-425C-8EB8-FB45ACDFF9DE}.Debug|x64.ActiveCfg = Debug|Any CPU
		{779357E7-F156-425C-8EB8-FB45ACDFF9DE}.Debug|x86.ActiveCfg = Debug|Any CPU
		{779357E7-F156-425C-8EB8-FB45ACDFF9DE}.Release|Any CPU.ActiveCfg = Release|Any CPU
		{779357E7-F156-425C-8EB8-FB45ACDFF9DE}.Release|Any CPU.Build.0 = Release|Any CPU
		{779357E7-F156-425C-8EB8-FB45ACDFF9DE}.Release|Mixed Platforms.ActiveCfg = Release|Any CPU
		{779357E7-F156-425C-8EB8-FB45ACDFF9DE}.Release|Mixed Platforms.Build.0 = Release|Any CPU
		{779357E7-F156-425C-8EB8-FB45ACDFF9DE}.Release|x64.ActiveCfg = Release|Any CPU
		{779357E7-F156-425C-8EB8-FB45ACDFF9DE}.Release|x86.ActiveCfg = Release|Any CPU
		{FDADB21A-C99F-4D78-BDCC-A09A6EF97215}.Debug|Any CPU.ActiveCfg = Debug|Any CPU
		{FDADB21A-C99F-4D78-BDCC-A09A6EF97215}.Debug|Any CPU.Build.0 = Debug|Any CPU
		{FDADB21A-C99F-4D78-BDCC-A09A6EF97215}.Debug|Mixed Platforms.ActiveCfg = Debug|Any CPU
		{FDADB21A-C99F-4D78-BDCC-A09A6EF97215}.Debug|Mixed Platforms.Build.0 = Debug|Any CPU
		{FDADB21A-C99F-4D78-BDCC-A09A6EF97215}.Debug|x64.ActiveCfg = Debug|Any CPU
		{FDADB21A-C99F-4D78-BDCC-A09A6EF97215}.Debug|x86.ActiveCfg = Debug|Any CPU
		{FDADB21A-C99F-4D78-BDCC-A09A6EF97215}.Release|Any CPU.ActiveCfg = Release|Any CPU
		{FDADB21A-C99F-4D78-BDCC-A09A6EF97215}.Release|Any CPU.Build.0 = Release|Any CPU
		{FDADB21A-C99F-4D78-BDCC-A09A6EF97215}.Release|Mixed Platforms.ActiveCfg = Release|Any CPU
		{FDADB21A-C99F-4D78-BDCC-A09A6EF97215}.Release|Mixed Platforms.Build.0 = Release|Any CPU
		{FDADB21A-C99F-4D78-BDCC-A09A6EF97215}.Release|x64.ActiveCfg = Release|Any CPU
		{FDADB21A-C99F-4D78-BDCC-A09A6EF97215}.Release|x86.ActiveCfg = Release|Any CPU
		{2A0F777D-62B8-4509-836F-F6E2CB67E0D8}.Debug|Any CPU.ActiveCfg = Debug|Any CPU
		{2A0F777D-62B8-4509-836F-F6E2CB67E0D8}.Debug|Any CPU.Build.0 = Debug|Any CPU
		{2A0F777D-62B8-4509-836F-F6E2CB67E0D8}.Debug|Mixed Platforms.ActiveCfg = Debug|Any CPU
		{2A0F777D-62B8-4509-836F-F6E2CB67E0D8}.Debug|Mixed Platforms.Build.0 = Debug|Any CPU
		{2A0F777D-62B8-4509-836F-F6E2CB67E0D8}.Debug|x64.ActiveCfg = Debug|Any CPU
		{2A0F777D-62B8-4509-836F-F6E2CB67E0D8}.Debug|x86.ActiveCfg = Debug|Any CPU
		{2A0F777D-62B8-4509-836F-F6E2CB67E0D8}.Release|Any CPU.ActiveCfg = Release|Any CPU
		{2A0F777D-62B8-4509-836F-F6E2CB67E0D8}.Release|Any CPU.Build.0 = Release|Any CPU
		{2A0F777D-62B8-4509-836F-F6E2CB67E0D8}.Release|Mixed Platforms.ActiveCfg = Release|Any CPU
		{2A0F777D-62B8-4509-836F-F6E2CB67E0D8}.Release|Mixed Platforms.Build.0 = Release|Any CPU
		{2A0F777D-62B8-4509-836F-F6E2CB67E0D8}.Release|x64.ActiveCfg = Release|Any CPU
		{2A0F777D-62B8-4509-836F-F6E2CB67E0D8}.Release|x86.ActiveCfg = Release|Any CPU
		{468972FF-C7C3-4DBA-A210-96BC6A677362}.Debug|Any CPU.ActiveCfg = Debug|Any CPU
		{468972FF-C7C3-4DBA-A210-96BC6A677362}.Debug|Any CPU.Build.0 = Debug|Any CPU
		{468972FF-C7C3-4DBA-A210-96BC6A677362}.Debug|Mixed Platforms.ActiveCfg = Debug|Any CPU
		{468972FF-C7C3-4DBA-A210-96BC6A677362}.Debug|Mixed Platforms.Build.0 = Debug|Any CPU
		{468972FF-C7C3-4DBA-A210-96BC6A677362}.Debug|x64.ActiveCfg = Debug|Any CPU
		{468972FF-C7C3-4DBA-A210-96BC6A677362}.Debug|x86.ActiveCfg = Debug|Any CPU
		{468972FF-C7C3-4DBA-A210-96BC6A677362}.Release|Any CPU.ActiveCfg = Release|Any CPU
		{468972FF-C7C3-4DBA-A210-96BC6A677362}.Release|Any CPU.Build.0 = Release|Any CPU
		{468972FF-C7C3-4DBA-A210-96BC6A677362}.Release|Mixed Platforms.ActiveCfg = Release|Any CPU
		{468972FF-C7C3-4DBA-A210-96BC6A677362}.Release|Mixed Platforms.Build.0 = Release|Any CPU
		{468972FF-C7C3-4DBA-A210-96BC6A677362}.Release|x64.ActiveCfg = Release|Any CPU
		{468972FF-C7C3-4DBA-A210-96BC6A677362}.Release|x86.ActiveCfg = Release|Any CPU
	EndGlobalSection
	GlobalSection(SolutionProperties) = preSolution
		HideSolutionNode = FALSE
	EndGlobalSection
	GlobalSection(ExtensibilityGlobals) = postSolution
		EnterpriseLibraryConfigurationToolBinariesPath = packages\Unity.2.1.505.2\lib\NET35;packages\Unity.Interception.2.1.505.2\lib\NET35;packages\EnterpriseLibrary.Common.5.0.505.0\lib\NET35;packages\EnterpriseLibrary.Caching.5.0.505.0\lib\NET35
		EnterpriseLibraryConfigurationToolBinariesPathV6 = packages\EnterpriseLibrary.Common.6.0.1304.0\lib\NET45
	EndGlobalSection
EndGlobal
