
Microsoft Visual Studio Solution File, Format Version 12.00
# Visual Studio 14
VisualStudioVersion = 14.0.25420.1
MinimumVisualStudioVersion = 10.0.40219.1
Project("{2150E333-8FDC-42A3-9474-1A3956D46DE8}") = ".nuget", ".nuget", "{E608069F-2FF1-416D-B5C6-BA8918814F74}"
	ProjectSection(SolutionItems) = preProject
		.nuget\NuGet.Config = .nuget\NuGet.Config
	EndProjectSection
EndProject
Project("{2150E333-8FDC-42A3-9474-1A3956D46DE8}") = "1. Documentation", "1. Documentation", "{2F6EB97B-14A3-45FD-A665-A8C60D8744C2}"
	ProjectSection(SolutionItems) = preProject
		..\docs\BuildAndRelease.md = ..\docs\BuildAndRelease.md
		..\docs\Changelog.md = ..\docs\Changelog.md
		..\docs\Guidelines.md = ..\docs\Guidelines.md
		..\docs\Issues.md = ..\docs\Issues.md
		..\LICENSE.txt = ..\LICENSE.txt
		..\docs\Overview.md = ..\docs\Overview.md
		..\README.md = ..\README.md
	EndProjectSection
EndProject
Project("{2150E333-8FDC-42A3-9474-1A3956D46DE8}") = "4. Build", "4. Build", "{2D3181AE-6786-49EE-BDCE-1C7687EFB40B}"
	ProjectSection(SolutionItems) = preProject
		FSharp.Common.props = FSharp.Common.props
		Make.Common.props = Make.Common.props
		Make.Common.targets = Make.Common.targets
		Make.Custom.tasks = Make.Custom.tasks
		Make.CustomAfter.props = Make.CustomAfter.props
		Make.CustomAfter.targets = Make.CustomAfter.targets
		Make.Foundations.proj = Make.Foundations.proj
		Make.proj = Make.proj
		Make.Shared.props = Make.Shared.props
		Narvalo.Common.props = Narvalo.Common.props
		Narvalo.Common.targets = Narvalo.Common.targets
		Package.Narvalo.targets = Package.Narvalo.targets
		Package.StyleCop.targets = Package.StyleCop.targets
		Package.Xunit.tasks = Package.Xunit.tasks
		PSakefile.ps1 = PSakefile.ps1
		Shared.props = Shared.props
	EndProjectSection
EndProject
Project("{2150E333-8FDC-42A3-9474-1A3956D46DE8}") = "2. Settings", "2. Settings", "{EC45235E-0AFF-48C1-AC38-41FF5469A638}"
	ProjectSection(SolutionItems) = preProject
		..\etc\AssemblyInfo.Common.cs = ..\etc\AssemblyInfo.Common.cs
		..\etc\CodeAnalysisDictionary.xml = ..\etc\CodeAnalysisDictionary.xml
		..\etc\Empty.SourceAnalysis = ..\etc\Empty.SourceAnalysis
		..\etc\FrameworkProfiles.props = ..\etc\FrameworkProfiles.props
		..\etc\gendarme.ignore = ..\etc\gendarme.ignore
		..\etc\gendarme.xml = ..\etc\gendarme.xml
		..\etc\GlobalSuppressions.Common.cs = ..\etc\GlobalSuppressions.Common.cs
		..\etc\Samples.props = ..\etc\Samples.props
		..\etc\Strict.ruleset = ..\etc\Strict.ruleset
		..\etc\Strict.SourceAnalysis = ..\etc\Strict.SourceAnalysis
		..\etc\Tests.props = ..\etc\Tests.props
		..\etc\Tests.ruleset = ..\etc\Tests.ruleset
	EndProjectSection
EndProject
Project("{2150E333-8FDC-42A3-9474-1A3956D46DE8}") = "Narvalo.Build", "Narvalo.Build", "{480E9A5C-6E59-44BC-9D25-3A2BC0057B2B}"
EndProject
Project("{2150E333-8FDC-42A3-9474-1A3956D46DE8}") = "3. NuGet", "3. NuGet", "{C951776C-B912-4BB2-95ED-02A5D7A3F4A4}"
	ProjectSection(SolutionItems) = preProject
		..\etc\Narvalo.CurrentVersion.props = ..\etc\Narvalo.CurrentVersion.props
		..\etc\Template.nuspec = ..\etc\Template.nuspec
	EndProjectSection
EndProject
Project("{2150E333-8FDC-42A3-9474-1A3956D46DE8}") = "build", "build", "{3F9AE29F-3375-4748-8CDE-EFB0B2BE4EFA}"
	ProjectSection(SolutionItems) = preProject
		..\src\NuGet\Narvalo.Build\build\Narvalo.Build.tasks = ..\src\NuGet\Narvalo.Build\build\Narvalo.Build.tasks
	EndProjectSection
EndProject
Project("{2150E333-8FDC-42A3-9474-1A3956D46DE8}") = "5. Scripts", "5. Scripts", "{E886C15F-0369-4B3A-B2F2-4B7C0000E27D}"
	ProjectSection(SolutionItems) = preProject
		checkup.ps1 = checkup.ps1
		fsi.cmd = fsi.cmd
		..\make.cmd = ..\make.cmd
		..\make.ps1 = ..\make.ps1
		src\Narvalo.Local.psm1 = src\Narvalo.Local.psm1
		publish-edge.fsx = publish-edge.fsx
		publish-retail.fsx = publish-retail.fsx
	EndProjectSection
EndProject
Project("{2150E333-8FDC-42A3-9474-1A3956D46DE8}") = "Packages", "Packages", "{234E8E32-CA91-4F16-BE5A-7E5E079C203C}"
	ProjectSection(SolutionItems) = preProject
		..\src\NuGet\Narvalo.Build\Narvalo.Build.nuproj = ..\src\NuGet\Narvalo.Build\Narvalo.Build.nuproj
		..\src\Narvalo.Build\Narvalo.Build.Version.props = ..\src\Narvalo.Build\Narvalo.Build.Version.props
		..\src\NuGet\Narvalo.Cerbere\Narvalo.Cerbere.nuproj = ..\src\NuGet\Narvalo.Cerbere\Narvalo.Cerbere.nuproj
		..\src\Narvalo.Cerbere\Narvalo.Cerbere.Version.props = ..\src\Narvalo.Cerbere\Narvalo.Cerbere.Version.props
		..\src\NuGet\Narvalo.Common\Narvalo.Common.nuproj = ..\src\NuGet\Narvalo.Common\Narvalo.Common.nuproj
		..\src\Narvalo.Common\Narvalo.Common.Version.props = ..\src\Narvalo.Common\Narvalo.Common.Version.props
		..\src\NuGet\Narvalo.Core\Narvalo.Core.nuproj = ..\src\NuGet\Narvalo.Core\Narvalo.Core.nuproj
		..\src\Narvalo.Core\Narvalo.Core.Version.props = ..\src\Narvalo.Core\Narvalo.Core.Version.props
		..\src\NuGet\Narvalo.Finance\Narvalo.Finance.nuproj = ..\src\NuGet\Narvalo.Finance\Narvalo.Finance.nuproj
		..\src\Narvalo.Finance\Narvalo.Finance.Version.props = ..\src\Narvalo.Finance\Narvalo.Finance.Version.props
		..\src\NuGet\Narvalo.Fx\Narvalo.Fx.nuproj = ..\src\NuGet\Narvalo.Fx\Narvalo.Fx.nuproj
		..\src\Narvalo.Fx\Narvalo.Fx.Version.props = ..\src\Narvalo.Fx\Narvalo.Fx.Version.props
		..\src\NuGet\Narvalo.Mvp\Narvalo.Mvp.nuproj = ..\src\NuGet\Narvalo.Mvp\Narvalo.Mvp.nuproj
		..\src\Narvalo.Mvp\Narvalo.Mvp.Version.props = ..\src\Narvalo.Mvp\Narvalo.Mvp.Version.props
		..\src\NuGet\Narvalo.Mvp.Web\Narvalo.Mvp.Web.nuproj = ..\src\NuGet\Narvalo.Mvp.Web\Narvalo.Mvp.Web.nuproj
		..\src\Narvalo.Mvp.Web\Narvalo.Mvp.Web.Version.props = ..\src\Narvalo.Mvp.Web\Narvalo.Mvp.Web.Version.props
		..\src\NuGet\Narvalo.Web\Narvalo.Web.nuproj = ..\src\NuGet\Narvalo.Web\Narvalo.Web.nuproj
		..\src\Narvalo.Web\Narvalo.Web.Version.props = ..\src\Narvalo.Web\Narvalo.Web.Version.props
	EndProjectSection
EndProject
Project("{FAE04EC0-301F-11D3-BF4B-00C04F79EFBC}") = "MyGet", "src\MyGet\MyGet.csproj", "{48ACFCCA-45CF-40FD-95C4-00830CF9DD2F}"
EndProject
Project("{F2A71F9B-5D33-465A-A702-920D77279786}") = "NuGetAgent", "src\NuGetAgent\NuGetAgent.fsproj", "{702370E8-516C-4AE4-8913-CDB198070812}"
EndProject
Project("{FAE04EC0-301F-11D3-BF4B-00C04F79EFBC}") = "Narvalo.StyleCop", "src\Narvalo.StyleCop\Narvalo.StyleCop.csproj", "{6FEBE148-83FF-4378-A4A6-887A1E8A7E51}"
EndProject
Project("{F5034706-568F-408A-B7B3-4D38C6DB8A32}") = "Narvalo.ProjectAutomation", "src\Narvalo.ProjectAutomation\Narvalo.ProjectAutomation.pssproj", "{6CAFC0C6-A428-4D30-A9F9-700E829FEA51}"
EndProject
Global
	GlobalSection(SolutionConfigurationPlatforms) = preSolution
		CodeContracts|Any CPU = CodeContracts|Any CPU
		Debug|Any CPU = Debug|Any CPU
		Release|Any CPU = Release|Any CPU
	EndGlobalSection
	GlobalSection(ProjectConfigurationPlatforms) = postSolution
		{48ACFCCA-45CF-40FD-95C4-00830CF9DD2F}.CodeContracts|Any CPU.ActiveCfg = Release|Any CPU
		{48ACFCCA-45CF-40FD-95C4-00830CF9DD2F}.CodeContracts|Any CPU.Build.0 = Release|Any CPU
		{48ACFCCA-45CF-40FD-95C4-00830CF9DD2F}.Debug|Any CPU.ActiveCfg = Debug|Any CPU
		{48ACFCCA-45CF-40FD-95C4-00830CF9DD2F}.Debug|Any CPU.Build.0 = Debug|Any CPU
		{48ACFCCA-45CF-40FD-95C4-00830CF9DD2F}.Release|Any CPU.ActiveCfg = Release|Any CPU
		{48ACFCCA-45CF-40FD-95C4-00830CF9DD2F}.Release|Any CPU.Build.0 = Release|Any CPU
		{702370E8-516C-4AE4-8913-CDB198070812}.CodeContracts|Any CPU.ActiveCfg = Release|Any CPU
		{702370E8-516C-4AE4-8913-CDB198070812}.CodeContracts|Any CPU.Build.0 = Release|Any CPU
		{702370E8-516C-4AE4-8913-CDB198070812}.Debug|Any CPU.ActiveCfg = Debug|Any CPU
		{702370E8-516C-4AE4-8913-CDB198070812}.Debug|Any CPU.Build.0 = Debug|Any CPU
		{702370E8-516C-4AE4-8913-CDB198070812}.Release|Any CPU.ActiveCfg = Release|Any CPU
		{702370E8-516C-4AE4-8913-CDB198070812}.Release|Any CPU.Build.0 = Release|Any CPU
		{6FEBE148-83FF-4378-A4A6-887A1E8A7E51}.CodeContracts|Any CPU.ActiveCfg = Release|Any CPU
		{6FEBE148-83FF-4378-A4A6-887A1E8A7E51}.CodeContracts|Any CPU.Build.0 = Release|Any CPU
		{6FEBE148-83FF-4378-A4A6-887A1E8A7E51}.Debug|Any CPU.ActiveCfg = Release|Any CPU
		{6FEBE148-83FF-4378-A4A6-887A1E8A7E51}.Debug|Any CPU.Build.0 = Release|Any CPU
		{6FEBE148-83FF-4378-A4A6-887A1E8A7E51}.Release|Any CPU.ActiveCfg = Release|Any CPU
		{6FEBE148-83FF-4378-A4A6-887A1E8A7E51}.Release|Any CPU.Build.0 = Release|Any CPU
		{6CAFC0C6-A428-4D30-A9F9-700E829FEA51}.CodeContracts|Any CPU.ActiveCfg = Release|Any CPU
		{6CAFC0C6-A428-4D30-A9F9-700E829FEA51}.CodeContracts|Any CPU.Build.0 = Release|Any CPU
		{6CAFC0C6-A428-4D30-A9F9-700E829FEA51}.Debug|Any CPU.ActiveCfg = Debug|Any CPU
		{6CAFC0C6-A428-4D30-A9F9-700E829FEA51}.Debug|Any CPU.Build.0 = Debug|Any CPU
		{6CAFC0C6-A428-4D30-A9F9-700E829FEA51}.Release|Any CPU.ActiveCfg = Release|Any CPU
		{6CAFC0C6-A428-4D30-A9F9-700E829FEA51}.Release|Any CPU.Build.0 = Release|Any CPU
	EndGlobalSection
	GlobalSection(SolutionProperties) = preSolution
		HideSolutionNode = FALSE
	EndGlobalSection
	GlobalSection(NestedProjects) = preSolution
		{480E9A5C-6E59-44BC-9D25-3A2BC0057B2B} = {C951776C-B912-4BB2-95ED-02A5D7A3F4A4}
		{3F9AE29F-3375-4748-8CDE-EFB0B2BE4EFA} = {480E9A5C-6E59-44BC-9D25-3A2BC0057B2B}
		{234E8E32-CA91-4F16-BE5A-7E5E079C203C} = {C951776C-B912-4BB2-95ED-02A5D7A3F4A4}
	EndGlobalSection
EndGlobal
