
Microsoft Visual Studio Solution File, Format Version 12.00
# Visual Studio 2013
VisualStudioVersion = 12.0.31101.0
MinimumVisualStudioVersion = 10.0.40219.1
Project("{FAE04EC0-301F-11D3-BF4B-00C04F79EFBC}") = "MyGet", "MyGet\MyGet.csproj", "{48ACFCCA-45CF-40FD-95C4-00830CF9DD2F}"
EndProject
Project("{2150E333-8FDC-42A3-9474-1A3956D46DE8}") = ".nuget", ".nuget", "{E608069F-2FF1-416D-B5C6-BA8918814F74}"
	ProjectSection(SolutionItems) = preProject
		.nuget\NuGet.Config = .nuget\NuGet.Config
	EndProjectSection
EndProject
Project("{2150E333-8FDC-42A3-9474-1A3956D46DE8}") = "Documentation", "Documentation", "{2F6EB97B-14A3-45FD-A665-A8C60D8744C2}"
	ProjectSection(SolutionItems) = preProject
		..\Changelog.md = ..\Changelog.md
		..\docs\Guidelines.md = ..\docs\Guidelines.md
		..\Issues.md = ..\Issues.md
		..\README.md = ..\README.md
		..\docs\Tips.md = ..\docs\Tips.md
	EndProjectSection
EndProject
Project("{2150E333-8FDC-42A3-9474-1A3956D46DE8}") = "MSBuild", "MSBuild", "{2D3181AE-6786-49EE-BDCE-1C7687EFB40B}"
	ProjectSection(SolutionItems) = preProject
		Make.Common.props = Make.Common.props
		Make.Common.targets = Make.Common.targets
		Make.Common.tasks = Make.Common.tasks
		Make.Custom.tasks = Make.Custom.tasks
		Make.CustomAfter.props = Make.CustomAfter.props
		Make.CustomAfter.targets = Make.CustomAfter.targets
		Make.Foundations.proj = Make.Foundations.proj
		Make.proj = Make.proj
		Make.Shared.props = Make.Shared.props
		Narvalo.Common.props = Narvalo.Common.props
		Narvalo.Common.targets = Narvalo.Common.targets
		Narvalo.Samples.props = Narvalo.Samples.props
		Narvalo.Tests.props = Narvalo.Tests.props
		Package.StyleCop.targets = Package.StyleCop.targets
		Package.Xunit.tasks = Package.Xunit.tasks
		Shared.props = Shared.props
	EndProjectSection
EndProject
Project("{2150E333-8FDC-42A3-9474-1A3956D46DE8}") = "PowerShell", "PowerShell", "{6D2B84B0-FD5E-4E14-A5B6-43BC56DF08E9}"
	ProjectSection(SolutionItems) = preProject
		checkup.ps1 = checkup.ps1
		..\make.cmd = ..\make.cmd
		..\make.ps1 = ..\make.ps1
		MSBuild.cmd = MSBuild.cmd
		Narvalo.Local.psm1 = Narvalo.Local.psm1
		PSakefile.ps1 = PSakefile.ps1
		..\tryout.cmd = ..\tryout.cmd
		..\tryout.rsp = ..\tryout.rsp
	EndProjectSection
EndProject
Project("{2150E333-8FDC-42A3-9474-1A3956D46DE8}") = "Settings", "Settings", "{EC45235E-0AFF-48C1-AC38-41FF5469A638}"
	ProjectSection(SolutionItems) = preProject
		..\etc\AssemblyInfo.Common.cs = ..\etc\AssemblyInfo.Common.cs
		..\etc\CodeAnalysisDictionary.xml = ..\etc\CodeAnalysisDictionary.xml
		..\etc\Empty.SourceAnalysis = ..\etc\Empty.SourceAnalysis
		..\etc\FrameworkProfiles.props = ..\etc\FrameworkProfiles.props
		..\etc\GlobalSuppressions.Common.cs = ..\etc\GlobalSuppressions.Common.cs
		..\etc\Samples.props = ..\etc\Samples.props
		..\etc\Strict.ruleset = ..\etc\Strict.ruleset
		..\etc\Strict.SourceAnalysis = ..\etc\Strict.SourceAnalysis
		..\etc\Tests.props = ..\etc\Tests.props
		..\etc\Tests.ruleset = ..\etc\Tests.ruleset
	EndProjectSection
EndProject
Project("{2150E333-8FDC-42A3-9474-1A3956D46DE8}") = "Narvalo.Build", "Narvalo.Build", "{480E9A5C-6E59-44BC-9D25-3A2BC0057B2B}"
	ProjectSection(SolutionItems) = preProject
		..\src\NuGet\Narvalo.Build\Narvalo.Build.nuproj = ..\src\NuGet\Narvalo.Build\Narvalo.Build.nuproj
		..\src\Narvalo.Build\Narvalo.Build.Version.props = ..\src\Narvalo.Build\Narvalo.Build.Version.props
	EndProjectSection
EndProject
Project("{2150E333-8FDC-42A3-9474-1A3956D46DE8}") = "NuGet", "NuGet", "{C951776C-B912-4BB2-95ED-02A5D7A3F4A4}"
	ProjectSection(SolutionItems) = preProject
		..\etc\Narvalo.Core.CurrentVersion.props = ..\etc\Narvalo.Core.CurrentVersion.props
		..\etc\Narvalo.Mvp.CurrentVersion.props = ..\etc\Narvalo.Mvp.CurrentVersion.props
		..\etc\Template.nuspec = ..\etc\Template.nuspec
	EndProjectSection
EndProject
Project("{2150E333-8FDC-42A3-9474-1A3956D46DE8}") = "build", "build", "{3F9AE29F-3375-4748-8CDE-EFB0B2BE4EFA}"
	ProjectSection(SolutionItems) = preProject
		..\src\NuGet\Narvalo.Build\build\Narvalo.Build.tasks = ..\src\NuGet\Narvalo.Build\build\Narvalo.Build.tasks
	EndProjectSection
EndProject
Project("{2150E333-8FDC-42A3-9474-1A3956D46DE8}") = "Narvalo.Common", "Narvalo.Common", "{312A2D1B-17C0-47AB-88A4-97FE12FD112C}"
	ProjectSection(SolutionItems) = preProject
		..\src\NuGet\Narvalo.Common\Narvalo.Common.nuproj = ..\src\NuGet\Narvalo.Common\Narvalo.Common.nuproj
		..\src\Narvalo.Common\Narvalo.Common.Version.props = ..\src\Narvalo.Common\Narvalo.Common.Version.props
	EndProjectSection
EndProject
Project("{2150E333-8FDC-42A3-9474-1A3956D46DE8}") = "Narvalo.Core", "Narvalo.Core", "{DDF9AAFD-B7EB-44C6-9B6A-C2D094A82EC4}"
	ProjectSection(SolutionItems) = preProject
		..\src\NuGet\Narvalo.Core\Narvalo.Core.nuproj = ..\src\NuGet\Narvalo.Core\Narvalo.Core.nuproj
		..\src\Narvalo.Core\Narvalo.Core.Version.props = ..\src\Narvalo.Core\Narvalo.Core.Version.props
	EndProjectSection
EndProject
Project("{2150E333-8FDC-42A3-9474-1A3956D46DE8}") = "Narvalo.Mvp", "Narvalo.Mvp", "{17DD76B1-4A2F-4922-84B4-217386690277}"
	ProjectSection(SolutionItems) = preProject
		..\src\NuGet\Narvalo.Mvp\Narvalo.Mvp.nuproj = ..\src\NuGet\Narvalo.Mvp\Narvalo.Mvp.nuproj
		..\src\Narvalo.Mvp\Narvalo.Mvp.Version.props = ..\src\Narvalo.Mvp\Narvalo.Mvp.Version.props
	EndProjectSection
EndProject
Project("{2150E333-8FDC-42A3-9474-1A3956D46DE8}") = "Narvalo.Mvp.Web", "Narvalo.Mvp.Web", "{3AE373F6-9CFC-438B-B719-960ECD73C7B2}"
	ProjectSection(SolutionItems) = preProject
		..\src\NuGet\Narvalo.Mvp.Web\Narvalo.Mvp.Web.nuproj = ..\src\NuGet\Narvalo.Mvp.Web\Narvalo.Mvp.Web.nuproj
		..\src\Narvalo.Mvp.Web\Narvalo.Mvp.Web.Version.props = ..\src\Narvalo.Mvp.Web\Narvalo.Mvp.Web.Version.props
	EndProjectSection
EndProject
Project("{2150E333-8FDC-42A3-9474-1A3956D46DE8}") = "Narvalo.Web", "Narvalo.Web", "{B501E154-9C9A-4719-B60F-9EC7B878667F}"
	ProjectSection(SolutionItems) = preProject
		..\src\NuGet\Narvalo.Web\Narvalo.Web.nuproj = ..\src\NuGet\Narvalo.Web\Narvalo.Web.nuproj
		..\src\Narvalo.Web\Narvalo.Web.Version.props = ..\src\Narvalo.Web\Narvalo.Web.Version.props
	EndProjectSection
EndProject
Project("{2150E333-8FDC-42A3-9474-1A3956D46DE8}") = "PreviewCommonMark", "PreviewCommonMark", "{6FA5FD98-E7A3-449B-B624-92B6F6BAFE77}"
	ProjectSection(SolutionItems) = preProject
		PreviewCommonMark\index.html = PreviewCommonMark\index.html
	EndProjectSection
EndProject
Project("{FAE04EC0-301F-11D3-BF4B-00C04F79EFBC}") = "Edge", "Edge\Edge.csproj", "{DDBD1800-0314-4A86-BF22-A7C84F473895}"
EndProject
Project("{2150E333-8FDC-42A3-9474-1A3956D46DE8}") = "Modules", "Modules", "{FCB688F3-8203-49B5-B2F0-40B6E28315A9}"
EndProject
Project("{2150E333-8FDC-42A3-9474-1A3956D46DE8}") = "Narvalo.Project", "Narvalo.Project", "{689BB57E-CEC1-496E-9294-ADE97481280A}"
	ProjectSection(SolutionItems) = preProject
		PowerShellModules\Narvalo.Project\Checkup.psm1 = PowerShellModules\Narvalo.Project\Checkup.psm1
		PowerShellModules\Narvalo.Project\Narvalo.Project.psd1 = PowerShellModules\Narvalo.Project\Narvalo.Project.psd1
		PowerShellModules\Narvalo.Project\Narvalo.Project.psm1 = PowerShellModules\Narvalo.Project\Narvalo.Project.psm1
	EndProjectSection
EndProject
Global
	GlobalSection(SolutionConfigurationPlatforms) = preSolution
		Debug|Any CPU = Debug|Any CPU
		Release|Any CPU = Release|Any CPU
	EndGlobalSection
	GlobalSection(ProjectConfigurationPlatforms) = postSolution
		{48ACFCCA-45CF-40FD-95C4-00830CF9DD2F}.Debug|Any CPU.ActiveCfg = Debug|Any CPU
		{48ACFCCA-45CF-40FD-95C4-00830CF9DD2F}.Debug|Any CPU.Build.0 = Debug|Any CPU
		{48ACFCCA-45CF-40FD-95C4-00830CF9DD2F}.Release|Any CPU.ActiveCfg = Release|Any CPU
		{48ACFCCA-45CF-40FD-95C4-00830CF9DD2F}.Release|Any CPU.Build.0 = Release|Any CPU
		{DDBD1800-0314-4A86-BF22-A7C84F473895}.Debug|Any CPU.ActiveCfg = Debug|Any CPU
		{DDBD1800-0314-4A86-BF22-A7C84F473895}.Debug|Any CPU.Build.0 = Debug|Any CPU
		{DDBD1800-0314-4A86-BF22-A7C84F473895}.Release|Any CPU.ActiveCfg = Release|Any CPU
		{DDBD1800-0314-4A86-BF22-A7C84F473895}.Release|Any CPU.Build.0 = Release|Any CPU
	EndGlobalSection
	GlobalSection(SolutionProperties) = preSolution
		HideSolutionNode = FALSE
	EndGlobalSection
	GlobalSection(NestedProjects) = preSolution
		{48ACFCCA-45CF-40FD-95C4-00830CF9DD2F} = {C951776C-B912-4BB2-95ED-02A5D7A3F4A4}
		{480E9A5C-6E59-44BC-9D25-3A2BC0057B2B} = {C951776C-B912-4BB2-95ED-02A5D7A3F4A4}
		{3F9AE29F-3375-4748-8CDE-EFB0B2BE4EFA} = {480E9A5C-6E59-44BC-9D25-3A2BC0057B2B}
		{312A2D1B-17C0-47AB-88A4-97FE12FD112C} = {C951776C-B912-4BB2-95ED-02A5D7A3F4A4}
		{DDF9AAFD-B7EB-44C6-9B6A-C2D094A82EC4} = {C951776C-B912-4BB2-95ED-02A5D7A3F4A4}
		{17DD76B1-4A2F-4922-84B4-217386690277} = {C951776C-B912-4BB2-95ED-02A5D7A3F4A4}
		{3AE373F6-9CFC-438B-B719-960ECD73C7B2} = {C951776C-B912-4BB2-95ED-02A5D7A3F4A4}
		{B501E154-9C9A-4719-B60F-9EC7B878667F} = {C951776C-B912-4BB2-95ED-02A5D7A3F4A4}
		{6FA5FD98-E7A3-449B-B624-92B6F6BAFE77} = {2F6EB97B-14A3-45FD-A665-A8C60D8744C2}
		{DDBD1800-0314-4A86-BF22-A7C84F473895} = {C951776C-B912-4BB2-95ED-02A5D7A3F4A4}
		{FCB688F3-8203-49B5-B2F0-40B6E28315A9} = {6D2B84B0-FD5E-4E14-A5B6-43BC56DF08E9}
		{689BB57E-CEC1-496E-9294-ADE97481280A} = {FCB688F3-8203-49B5-B2F0-40B6E28315A9}
	EndGlobalSection
EndGlobal
